// !$*UTF8*$!
{
	archiveVersion = 1;
	classes = {
	};
	objectVersion = 50;
	objects = {

/* Begin PBXBuildFile section */
		6C8EA3A826FCE97300E81C9E /* TabbarCurveApp.swift in Sources */ = {isa = PBXBuildFile; fileRef = 6C8EA3A726FCE97300E81C9E /* TabbarCurveApp.swift */; };
		6C8EA3AA26FCE97300E81C9E /* ContentView.swift in Sources */ = {isa = PBXBuildFile; fileRef = 6C8EA3A926FCE97300E81C9E /* ContentView.swift */; };
		6C8EA3AC26FCE97400E81C9E /* Assets.xcassets in Resources */ = {isa = PBXBuildFile; fileRef = 6C8EA3AB26FCE97400E81C9E /* Assets.xcassets */; };
		6C8EA3AF26FCE97400E81C9E /* Preview Assets.xcassets in Resources */ = {isa = PBXBuildFile; fileRef = 6C8EA3AE26FCE97400E81C9E /* Preview Assets.xcassets */; };
		6C8EA3B526FCE99800E81C9E /* BaseView.swift in Sources */ = {isa = PBXBuildFile; fileRef = 6C8EA3B426FCE99800E81C9E /* BaseView.swift */; };
		6C8EA3B726FCE9D100E81C9E /* CustomTabCurve.swift in Sources */ = {isa = PBXBuildFile; fileRef = 6C8EA3B626FCE9D100E81C9E /* CustomTabCurve.swift */; };
		6C8EA3BF26FCEB3C00E81C9E /* CustomTabbarApp.swift in Sources */ = {isa = PBXBuildFile; fileRef = 6C8EA3BE26FCEB3C00E81C9E /* CustomTabbarApp.swift */; };
		6C8EA3C126FCEB3C00E81C9E /* ContentView.swift in Sources */ = {isa = PBXBuildFile; fileRef = 6C8EA3C026FCEB3C00E81C9E /* ContentView.swift */; };
		6C8EA3C326FCEB3D00E81C9E /* Assets.xcassets in Resources */ = {isa = PBXBuildFile; fileRef = 6C8EA3C226FCEB3D00E81C9E /* Assets.xcassets */; };
		6C8EA3C626FCEB3D00E81C9E /* Preview Assets.xcassets in Resources */ = {isa = PBXBuildFile; fileRef = 6C8EA3C526FCEB3D00E81C9E /* Preview Assets.xcassets */; };
		6C8EA3CD26FCEB7B00E81C9E /* BaseView.swift in Sources */ = {isa = PBXBuildFile; fileRef = 6C8EA3CC26FCEB7B00E81C9E /* BaseView.swift */; };
		6C8EA3CF26FCEB9D00E81C9E /* CustomCurveShape.swift in Sources */ = {isa = PBXBuildFile; fileRef = 6C8EA3CE26FCEB9D00E81C9E /* CustomCurveShape.swift */; };
		6C8EA3D226FCEC1800E81C9E /* BaseViewModel.swift in Sources */ = {isa = PBXBuildFile; fileRef = 6C8EA3D126FCEC1800E81C9E /* BaseViewModel.swift */; };
		6C8EA3D426FCECC000E81C9E /* Home.swift in Sources */ = {isa = PBXBuildFile; fileRef = 6C8EA3D326FCECC000E81C9E /* Home.swift */; };
		6C8EA3D626FCED1700E81C9E /* Heart.swift in Sources */ = {isa = PBXBuildFile; fileRef = 6C8EA3D526FCED1700E81C9E /* Heart.swift */; };
		6C8EA3D826FCED4100E81C9E /* ClipBoard.swift in Sources */ = {isa = PBXBuildFile; fileRef = 6C8EA3D726FCED4100E81C9E /* ClipBoard.swift */; };
		6C8EA3DA26FCED6900E81C9E /* Person.swift in Sources */ = {isa = PBXBuildFile; fileRef = 6C8EA3D926FCED6900E81C9E /* Person.swift */; };
		6C8EA3E226FCEEEB00E81C9E /* FloatingTabbarApp.swift in Sources */ = {isa = PBXBuildFile; fileRef = 6C8EA3E126FCEEEB00E81C9E /* FloatingTabbarApp.swift */; };
		6C8EA3E426FCEEEB00E81C9E /* ContentView.swift in Sources */ = {isa = PBXBuildFile; fileRef = 6C8EA3E326FCEEEB00E81C9E /* ContentView.swift */; };
		6C8EA3E626FCEEEC00E81C9E /* Assets.xcassets in Resources */ = {isa = PBXBuildFile; fileRef = 6C8EA3E526FCEEEC00E81C9E /* Assets.xcassets */; };
		6C8EA3E926FCEEEC00E81C9E /* Preview Assets.xcassets in Resources */ = {isa = PBXBuildFile; fileRef = 6C8EA3E826FCEEEC00E81C9E /* Preview Assets.xcassets */; };
		6C8EA3EF26FCEF0D00E81C9E /* FloatingTabbarView.swift in Sources */ = {isa = PBXBuildFile; fileRef = 6C8EA3EE26FCEF0D00E81C9E /* FloatingTabbarView.swift */; };
		6C8EA3F126FCEF2A00E81C9E /* FloatingTabbar.swift in Sources */ = {isa = PBXBuildFile; fileRef = 6C8EA3F026FCEF2A00E81C9E /* FloatingTabbar.swift */; };
		6C8EA3F926FCF09500E81C9E /* SquareTabbarApp.swift in Sources */ = {isa = PBXBuildFile; fileRef = 6C8EA3F826FCF09500E81C9E /* SquareTabbarApp.swift */; };
		6C8EA3FB26FCF09500E81C9E /* ContentView.swift in Sources */ = {isa = PBXBuildFile; fileRef = 6C8EA3FA26FCF09500E81C9E /* ContentView.swift */; };
		6C8EA3FD26FCF09600E81C9E /* Assets.xcassets in Resources */ = {isa = PBXBuildFile; fileRef = 6C8EA3FC26FCF09600E81C9E /* Assets.xcassets */; };
		6C8EA40026FCF09600E81C9E /* Preview Assets.xcassets in Resources */ = {isa = PBXBuildFile; fileRef = 6C8EA3FF26FCF09600E81C9E /* Preview Assets.xcassets */; };
		6C8EA40626FCF0C500E81C9E /* SquareTabbar.swift in Sources */ = {isa = PBXBuildFile; fileRef = 6C8EA40526FCF0C500E81C9E /* SquareTabbar.swift */; };
		6C8EA40826FCF11500E81C9E /* SquareTabs.swift in Sources */ = {isa = PBXBuildFile; fileRef = 6C8EA40726FCF11500E81C9E /* SquareTabs.swift */; };
		6C8EA41026FCF6CD00E81C9E /* AnyTabbarApp.swift in Sources */ = {isa = PBXBuildFile; fileRef = 6C8EA40F26FCF6CD00E81C9E /* AnyTabbarApp.swift */; };
		6C8EA41226FCF6CD00E81C9E /* ContentView.swift in Sources */ = {isa = PBXBuildFile; fileRef = 6C8EA41126FCF6CD00E81C9E /* ContentView.swift */; };
		6C8EA41426FCF6CE00E81C9E /* Assets.xcassets in Resources */ = {isa = PBXBuildFile; fileRef = 6C8EA41326FCF6CE00E81C9E /* Assets.xcassets */; };
		6C8EA41726FCF6CE00E81C9E /* Preview Assets.xcassets in Resources */ = {isa = PBXBuildFile; fileRef = 6C8EA41626FCF6CE00E81C9E /* Preview Assets.xcassets */; };
		6C8EA42126FCF6E800E81C9E /* TabbarView.swift in Sources */ = {isa = PBXBuildFile; fileRef = 6C8EA41C26FCF6E800E81C9E /* TabbarView.swift */; };
		6C8EA42226FCF6E800E81C9E /* ProfileView.swift in Sources */ = {isa = PBXBuildFile; fileRef = 6C8EA41E26FCF6E800E81C9E /* ProfileView.swift */; };
		6C8EA42326FCF6E800E81C9E /* MapView.swift in Sources */ = {isa = PBXBuildFile; fileRef = 6C8EA41F26FCF6E800E81C9E /* MapView.swift */; };
		6C8EA42426FCF6E800E81C9E /* HomeView.swift in Sources */ = {isa = PBXBuildFile; fileRef = 6C8EA42026FCF6E800E81C9E /* HomeView.swift */; };
		6C8EA42C26FCF8E400E81C9E /* AninateTabbarApp.swift in Sources */ = {isa = PBXBuildFile; fileRef = 6C8EA42B26FCF8E400E81C9E /* AninateTabbarApp.swift */; };
		6C8EA42E26FCF8E400E81C9E /* ContentView.swift in Sources */ = {isa = PBXBuildFile; fileRef = 6C8EA42D26FCF8E400E81C9E /* ContentView.swift */; };
		6C8EA43026FCF8E400E81C9E /* Assets.xcassets in Resources */ = {isa = PBXBuildFile; fileRef = 6C8EA42F26FCF8E400E81C9E /* Assets.xcassets */; };
		6C8EA43326FCF8E400E81C9E /* Preview Assets.xcassets in Resources */ = {isa = PBXBuildFile; fileRef = 6C8EA43226FCF8E400E81C9E /* Preview Assets.xcassets */; };
		6C8EA43A26FCF8F300E81C9E /* TabbarShape.swift in Sources */ = {isa = PBXBuildFile; fileRef = 6C8EA43826FCF8F300E81C9E /* TabbarShape.swift */; };
		6C8EA43B26FCF8F300E81C9E /* TabbarButton.swift in Sources */ = {isa = PBXBuildFile; fileRef = 6C8EA43926FCF8F300E81C9E /* TabbarButton.swift */; };
		6C8EA44326FCF9B300E81C9E /* AnimatedTabbarApp.swift in Sources */ = {isa = PBXBuildFile; fileRef = 6C8EA44226FCF9B300E81C9E /* AnimatedTabbarApp.swift */; };
		6C8EA44526FCF9B300E81C9E /* ContentView.swift in Sources */ = {isa = PBXBuildFile; fileRef = 6C8EA44426FCF9B300E81C9E /* ContentView.swift */; };
		6C8EA44726FCF9B400E81C9E /* Assets.xcassets in Resources */ = {isa = PBXBuildFile; fileRef = 6C8EA44626FCF9B400E81C9E /* Assets.xcassets */; };
		6C8EA44A26FCF9B400E81C9E /* Preview Assets.xcassets in Resources */ = {isa = PBXBuildFile; fileRef = 6C8EA44926FCF9B400E81C9E /* Preview Assets.xcassets */; };
		6C8EA45026FCF9E700E81C9E /* Home.swift in Sources */ = {isa = PBXBuildFile; fileRef = 6C8EA44F26FCF9E700E81C9E /* Home.swift */; };
		6C8EA45226FCFC4800E81C9E /* CustomTabbar.swift in Sources */ = {isa = PBXBuildFile; fileRef = 6C8EA45126FCFC4800E81C9E /* CustomTabbar.swift */; };
		6C8EA45426FCFFA900E81C9E /* TabbarCurve.swift in Sources */ = {isa = PBXBuildFile; fileRef = 6C8EA45326FCFFA900E81C9E /* TabbarCurve.swift */; };
		6CD7BA3E26FCDEE700C89BB4 /* AppDelegate.swift in Sources */ = {isa = PBXBuildFile; fileRef = 6CD7BA3D26FCDEE700C89BB4 /* AppDelegate.swift */; };
		6CD7BA4026FCDEE700C89BB4 /* SceneDelegate.swift in Sources */ = {isa = PBXBuildFile; fileRef = 6CD7BA3F26FCDEE700C89BB4 /* SceneDelegate.swift */; };
		6CD7BA4226FCDEE700C89BB4 /* ContentView.swift in Sources */ = {isa = PBXBuildFile; fileRef = 6CD7BA4126FCDEE700C89BB4 /* ContentView.swift */; };
		6CD7BA4426FCDEE800C89BB4 /* Assets.xcassets in Resources */ = {isa = PBXBuildFile; fileRef = 6CD7BA4326FCDEE800C89BB4 /* Assets.xcassets */; };
		6CD7BA4726FCDEE800C89BB4 /* Preview Assets.xcassets in Resources */ = {isa = PBXBuildFile; fileRef = 6CD7BA4626FCDEE800C89BB4 /* Preview Assets.xcassets */; };
		6CD7BA4A26FCDEE800C89BB4 /* LaunchScreen.storyboard in Resources */ = {isa = PBXBuildFile; fileRef = 6CD7BA4826FCDEE800C89BB4 /* LaunchScreen.storyboard */; };
/* End PBXBuildFile section */

/* Begin PBXFileReference section */
		6C8EA3A526FCE97300E81C9E /* TabbarCurve.app */ = {isa = PBXFileReference; explicitFileType = wrapper.application; includeInIndex = 0; path = TabbarCurve.app; sourceTree = BUILT_PRODUCTS_DIR; };
		6C8EA3A726FCE97300E81C9E /* TabbarCurveApp.swift */ = {isa = PBXFileReference; lastKnownFileType = sourcecode.swift; path = TabbarCurveApp.swift; sourceTree = "<group>"; };
		6C8EA3A926FCE97300E81C9E /* ContentView.swift */ = {isa = PBXFileReference; lastKnownFileType = sourcecode.swift; path = ContentView.swift; sourceTree = "<group>"; };
		6C8EA3AB26FCE97400E81C9E /* Assets.xcassets */ = {isa = PBXFileReference; lastKnownFileType = folder.assetcatalog; path = Assets.xcassets; sourceTree = "<group>"; };
		6C8EA3AE26FCE97400E81C9E /* Preview Assets.xcassets */ = {isa = PBXFileReference; lastKnownFileType = folder.assetcatalog; path = "Preview Assets.xcassets"; sourceTree = "<group>"; };
		6C8EA3B426FCE99800E81C9E /* BaseView.swift */ = {isa = PBXFileReference; lastKnownFileType = sourcecode.swift; path = BaseView.swift; sourceTree = "<group>"; };
		6C8EA3B626FCE9D100E81C9E /* CustomTabCurve.swift */ = {isa = PBXFileReference; lastKnownFileType = sourcecode.swift; path = CustomTabCurve.swift; sourceTree = "<group>"; };
		6C8EA3BC26FCEB3C00E81C9E /* CustomTabbar.app */ = {isa = PBXFileReference; explicitFileType = wrapper.application; includeInIndex = 0; path = CustomTabbar.app; sourceTree = BUILT_PRODUCTS_DIR; };
		6C8EA3BE26FCEB3C00E81C9E /* CustomTabbarApp.swift */ = {isa = PBXFileReference; lastKnownFileType = sourcecode.swift; path = CustomTabbarApp.swift; sourceTree = "<group>"; };
		6C8EA3C026FCEB3C00E81C9E /* ContentView.swift */ = {isa = PBXFileReference; lastKnownFileType = sourcecode.swift; path = ContentView.swift; sourceTree = "<group>"; };
		6C8EA3C226FCEB3D00E81C9E /* Assets.xcassets */ = {isa = PBXFileReference; lastKnownFileType = folder.assetcatalog; path = Assets.xcassets; sourceTree = "<group>"; };
		6C8EA3C526FCEB3D00E81C9E /* Preview Assets.xcassets */ = {isa = PBXFileReference; lastKnownFileType = folder.assetcatalog; path = "Preview Assets.xcassets"; sourceTree = "<group>"; };
		6C8EA3CC26FCEB7B00E81C9E /* BaseView.swift */ = {isa = PBXFileReference; lastKnownFileType = sourcecode.swift; path = BaseView.swift; sourceTree = "<group>"; };
		6C8EA3CE26FCEB9D00E81C9E /* CustomCurveShape.swift */ = {isa = PBXFileReference; lastKnownFileType = sourcecode.swift; path = CustomCurveShape.swift; sourceTree = "<group>"; };
		6C8EA3D126FCEC1800E81C9E /* BaseViewModel.swift */ = {isa = PBXFileReference; lastKnownFileType = sourcecode.swift; path = BaseViewModel.swift; sourceTree = "<group>"; };
		6C8EA3D326FCECC000E81C9E /* Home.swift */ = {isa = PBXFileReference; lastKnownFileType = sourcecode.swift; path = Home.swift; sourceTree = "<group>"; };
		6C8EA3D526FCED1700E81C9E /* Heart.swift */ = {isa = PBXFileReference; lastKnownFileType = sourcecode.swift; path = Heart.swift; sourceTree = "<group>"; };
		6C8EA3D726FCED4100E81C9E /* ClipBoard.swift */ = {isa = PBXFileReference; lastKnownFileType = sourcecode.swift; path = ClipBoard.swift; sourceTree = "<group>"; };
		6C8EA3D926FCED6900E81C9E /* Person.swift */ = {isa = PBXFileReference; lastKnownFileType = sourcecode.swift; path = Person.swift; sourceTree = "<group>"; };
		6C8EA3DF26FCEEEB00E81C9E /* FloatingTabbar.app */ = {isa = PBXFileReference; explicitFileType = wrapper.application; includeInIndex = 0; path = FloatingTabbar.app; sourceTree = BUILT_PRODUCTS_DIR; };
		6C8EA3E126FCEEEB00E81C9E /* FloatingTabbarApp.swift */ = {isa = PBXFileReference; lastKnownFileType = sourcecode.swift; path = FloatingTabbarApp.swift; sourceTree = "<group>"; };
		6C8EA3E326FCEEEB00E81C9E /* ContentView.swift */ = {isa = PBXFileReference; lastKnownFileType = sourcecode.swift; path = ContentView.swift; sourceTree = "<group>"; };
		6C8EA3E526FCEEEC00E81C9E /* Assets.xcassets */ = {isa = PBXFileReference; lastKnownFileType = folder.assetcatalog; path = Assets.xcassets; sourceTree = "<group>"; };
		6C8EA3E826FCEEEC00E81C9E /* Preview Assets.xcassets */ = {isa = PBXFileReference; lastKnownFileType = folder.assetcatalog; path = "Preview Assets.xcassets"; sourceTree = "<group>"; };
		6C8EA3EE26FCEF0D00E81C9E /* FloatingTabbarView.swift */ = {isa = PBXFileReference; lastKnownFileType = sourcecode.swift; path = FloatingTabbarView.swift; sourceTree = "<group>"; };
		6C8EA3F026FCEF2A00E81C9E /* FloatingTabbar.swift */ = {isa = PBXFileReference; lastKnownFileType = sourcecode.swift; path = FloatingTabbar.swift; sourceTree = "<group>"; };
		6C8EA3F626FCF09500E81C9E /* SquareTabbar.app */ = {isa = PBXFileReference; explicitFileType = wrapper.application; includeInIndex = 0; path = SquareTabbar.app; sourceTree = BUILT_PRODUCTS_DIR; };
		6C8EA3F826FCF09500E81C9E /* SquareTabbarApp.swift */ = {isa = PBXFileReference; lastKnownFileType = sourcecode.swift; path = SquareTabbarApp.swift; sourceTree = "<group>"; };
		6C8EA3FA26FCF09500E81C9E /* ContentView.swift */ = {isa = PBXFileReference; lastKnownFileType = sourcecode.swift; path = ContentView.swift; sourceTree = "<group>"; };
		6C8EA3FC26FCF09600E81C9E /* Assets.xcassets */ = {isa = PBXFileReference; lastKnownFileType = folder.assetcatalog; path = Assets.xcassets; sourceTree = "<group>"; };
		6C8EA3FF26FCF09600E81C9E /* Preview Assets.xcassets */ = {isa = PBXFileReference; lastKnownFileType = folder.assetcatalog; path = "Preview Assets.xcassets"; sourceTree = "<group>"; };
		6C8EA40526FCF0C500E81C9E /* SquareTabbar.swift */ = {isa = PBXFileReference; lastKnownFileType = sourcecode.swift; path = SquareTabbar.swift; sourceTree = "<group>"; };
		6C8EA40726FCF11500E81C9E /* SquareTabs.swift */ = {isa = PBXFileReference; lastKnownFileType = sourcecode.swift; path = SquareTabs.swift; sourceTree = "<group>"; };
		6C8EA40D26FCF6CD00E81C9E /* AnyTabbar.app */ = {isa = PBXFileReference; explicitFileType = wrapper.application; includeInIndex = 0; path = AnyTabbar.app; sourceTree = BUILT_PRODUCTS_DIR; };
		6C8EA40F26FCF6CD00E81C9E /* AnyTabbarApp.swift */ = {isa = PBXFileReference; lastKnownFileType = sourcecode.swift; path = AnyTabbarApp.swift; sourceTree = "<group>"; };
		6C8EA41126FCF6CD00E81C9E /* ContentView.swift */ = {isa = PBXFileReference; lastKnownFileType = sourcecode.swift; path = ContentView.swift; sourceTree = "<group>"; };
		6C8EA41326FCF6CE00E81C9E /* Assets.xcassets */ = {isa = PBXFileReference; lastKnownFileType = folder.assetcatalog; path = Assets.xcassets; sourceTree = "<group>"; };
		6C8EA41626FCF6CE00E81C9E /* Preview Assets.xcassets */ = {isa = PBXFileReference; lastKnownFileType = folder.assetcatalog; path = "Preview Assets.xcassets"; sourceTree = "<group>"; };
		6C8EA41C26FCF6E800E81C9E /* TabbarView.swift */ = {isa = PBXFileReference; fileEncoding = 4; lastKnownFileType = sourcecode.swift; path = TabbarView.swift; sourceTree = "<group>"; };
		6C8EA41E26FCF6E800E81C9E /* ProfileView.swift */ = {isa = PBXFileReference; fileEncoding = 4; lastKnownFileType = sourcecode.swift; path = ProfileView.swift; sourceTree = "<group>"; };
		6C8EA41F26FCF6E800E81C9E /* MapView.swift */ = {isa = PBXFileReference; fileEncoding = 4; lastKnownFileType = sourcecode.swift; path = MapView.swift; sourceTree = "<group>"; };
		6C8EA42026FCF6E800E81C9E /* HomeView.swift */ = {isa = PBXFileReference; fileEncoding = 4; lastKnownFileType = sourcecode.swift; path = HomeView.swift; sourceTree = "<group>"; };
		6C8EA42926FCF8E400E81C9E /* AninateTabbar.app */ = {isa = PBXFileReference; explicitFileType = wrapper.application; includeInIndex = 0; path = AninateTabbar.app; sourceTree = BUILT_PRODUCTS_DIR; };
		6C8EA42B26FCF8E400E81C9E /* AninateTabbarApp.swift */ = {isa = PBXFileReference; lastKnownFileType = sourcecode.swift; path = AninateTabbarApp.swift; sourceTree = "<group>"; };
		6C8EA42D26FCF8E400E81C9E /* ContentView.swift */ = {isa = PBXFileReference; lastKnownFileType = sourcecode.swift; path = ContentView.swift; sourceTree = "<group>"; };
		6C8EA42F26FCF8E400E81C9E /* Assets.xcassets */ = {isa = PBXFileReference; lastKnownFileType = folder.assetcatalog; path = Assets.xcassets; sourceTree = "<group>"; };
		6C8EA43226FCF8E400E81C9E /* Preview Assets.xcassets */ = {isa = PBXFileReference; lastKnownFileType = folder.assetcatalog; path = "Preview Assets.xcassets"; sourceTree = "<group>"; };
		6C8EA43826FCF8F300E81C9E /* TabbarShape.swift */ = {isa = PBXFileReference; fileEncoding = 4; lastKnownFileType = sourcecode.swift; path = TabbarShape.swift; sourceTree = "<group>"; };
		6C8EA43926FCF8F300E81C9E /* TabbarButton.swift */ = {isa = PBXFileReference; fileEncoding = 4; lastKnownFileType = sourcecode.swift; path = TabbarButton.swift; sourceTree = "<group>"; };
		6C8EA44026FCF9B300E81C9E /* AnimatedTabbar.app */ = {isa = PBXFileReference; explicitFileType = wrapper.application; includeInIndex = 0; path = AnimatedTabbar.app; sourceTree = BUILT_PRODUCTS_DIR; };
		6C8EA44226FCF9B300E81C9E /* AnimatedTabbarApp.swift */ = {isa = PBXFileReference; lastKnownFileType = sourcecode.swift; path = AnimatedTabbarApp.swift; sourceTree = "<group>"; };
		6C8EA44426FCF9B300E81C9E /* ContentView.swift */ = {isa = PBXFileReference; lastKnownFileType = sourcecode.swift; path = ContentView.swift; sourceTree = "<group>"; };
		6C8EA44626FCF9B400E81C9E /* Assets.xcassets */ = {isa = PBXFileReference; lastKnownFileType = folder.assetcatalog; path = Assets.xcassets; sourceTree = "<group>"; };
		6C8EA44926FCF9B400E81C9E /* Preview Assets.xcassets */ = {isa = PBXFileReference; lastKnownFileType = folder.assetcatalog; path = "Preview Assets.xcassets"; sourceTree = "<group>"; };
		6C8EA44F26FCF9E700E81C9E /* Home.swift */ = {isa = PBXFileReference; lastKnownFileType = sourcecode.swift; path = Home.swift; sourceTree = "<group>"; };
		6C8EA45126FCFC4800E81C9E /* CustomTabbar.swift */ = {isa = PBXFileReference; lastKnownFileType = sourcecode.swift; path = CustomTabbar.swift; sourceTree = "<group>"; };
		6C8EA45326FCFFA900E81C9E /* TabbarCurve.swift */ = {isa = PBXFileReference; lastKnownFileType = sourcecode.swift; path = TabbarCurve.swift; sourceTree = "<group>"; };
		6CD7BA3A26FCDEE700C89BB4 /* SwiftUITabbars.app */ = {isa = PBXFileReference; explicitFileType = wrapper.application; includeInIndex = 0; path = SwiftUITabbars.app; sourceTree = BUILT_PRODUCTS_DIR; };
		6CD7BA3D26FCDEE700C89BB4 /* AppDelegate.swift */ = {isa = PBXFileReference; lastKnownFileType = sourcecode.swift; path = AppDelegate.swift; sourceTree = "<group>"; };
		6CD7BA3F26FCDEE700C89BB4 /* SceneDelegate.swift */ = {isa = PBXFileReference; lastKnownFileType = sourcecode.swift; path = SceneDelegate.swift; sourceTree = "<group>"; };
		6CD7BA4126FCDEE700C89BB4 /* ContentView.swift */ = {isa = PBXFileReference; lastKnownFileType = sourcecode.swift; path = ContentView.swift; sourceTree = "<group>"; };
		6CD7BA4326FCDEE800C89BB4 /* Assets.xcassets */ = {isa = PBXFileReference; lastKnownFileType = folder.assetcatalog; path = Assets.xcassets; sourceTree = "<group>"; };
		6CD7BA4626FCDEE800C89BB4 /* Preview Assets.xcassets */ = {isa = PBXFileReference; lastKnownFileType = folder.assetcatalog; path = "Preview Assets.xcassets"; sourceTree = "<group>"; };
		6CD7BA4926FCDEE800C89BB4 /* Base */ = {isa = PBXFileReference; lastKnownFileType = file.storyboard; name = Base; path = Base.lproj/LaunchScreen.storyboard; sourceTree = "<group>"; };
		6CD7BA4B26FCDEE800C89BB4 /* Info.plist */ = {isa = PBXFileReference; lastKnownFileType = text.plist.xml; path = Info.plist; sourceTree = "<group>"; };
/* End PBXFileReference section */

/* Begin PBXFrameworksBuildPhase section */
		6C8EA3A226FCE97300E81C9E /* Frameworks */ = {
			isa = PBXFrameworksBuildPhase;
			buildActionMask = 2147483647;
			files = (
			);
			runOnlyForDeploymentPostprocessing = 0;
		};
		6C8EA3B926FCEB3C00E81C9E /* Frameworks */ = {
			isa = PBXFrameworksBuildPhase;
			buildActionMask = 2147483647;
			files = (
			);
			runOnlyForDeploymentPostprocessing = 0;
		};
		6C8EA3DC26FCEEEB00E81C9E /* Frameworks */ = {
			isa = PBXFrameworksBuildPhase;
			buildActionMask = 2147483647;
			files = (
			);
			runOnlyForDeploymentPostprocessing = 0;
		};
		6C8EA3F326FCF09500E81C9E /* Frameworks */ = {
			isa = PBXFrameworksBuildPhase;
			buildActionMask = 2147483647;
			files = (
			);
			runOnlyForDeploymentPostprocessing = 0;
		};
		6C8EA40A26FCF6CD00E81C9E /* Frameworks */ = {
			isa = PBXFrameworksBuildPhase;
			buildActionMask = 2147483647;
			files = (
			);
			runOnlyForDeploymentPostprocessing = 0;
		};
		6C8EA42626FCF8E400E81C9E /* Frameworks */ = {
			isa = PBXFrameworksBuildPhase;
			buildActionMask = 2147483647;
			files = (
			);
			runOnlyForDeploymentPostprocessing = 0;
		};
		6C8EA43D26FCF9B300E81C9E /* Frameworks */ = {
			isa = PBXFrameworksBuildPhase;
			buildActionMask = 2147483647;
			files = (
			);
			runOnlyForDeploymentPostprocessing = 0;
		};
		6CD7BA3726FCDEE700C89BB4 /* Frameworks */ = {
			isa = PBXFrameworksBuildPhase;
			buildActionMask = 2147483647;
			files = (
			);
			runOnlyForDeploymentPostprocessing = 0;
		};
/* End PBXFrameworksBuildPhase section */

/* Begin PBXGroup section */
		6C8EA3A626FCE97300E81C9E /* TabbarCurve */ = {
			isa = PBXGroup;
			children = (
				6C8EA3B326FCE98600E81C9E /* Views */,
				6C8EA3A726FCE97300E81C9E /* TabbarCurveApp.swift */,
				6C8EA3A926FCE97300E81C9E /* ContentView.swift */,
				6C8EA3AB26FCE97400E81C9E /* Assets.xcassets */,
				6C8EA3AD26FCE97400E81C9E /* Preview Content */,
			);
			path = TabbarCurve;
			sourceTree = "<group>";
		};
		6C8EA3AD26FCE97400E81C9E /* Preview Content */ = {
			isa = PBXGroup;
			children = (
				6C8EA3AE26FCE97400E81C9E /* Preview Assets.xcassets */,
			);
			path = "Preview Content";
			sourceTree = "<group>";
		};
		6C8EA3B326FCE98600E81C9E /* Views */ = {
			isa = PBXGroup;
			children = (
				6C8EA3B426FCE99800E81C9E /* BaseView.swift */,
				6C8EA3B626FCE9D100E81C9E /* CustomTabCurve.swift */,
			);
			path = Views;
			sourceTree = "<group>";
		};
		6C8EA3BD26FCEB3C00E81C9E /* CustomTabbar */ = {
			isa = PBXGroup;
			children = (
				6C8EA3D026FCEC0B00E81C9E /* BaseModel */,
				6C8EA3CB26FCEB6F00E81C9E /* Views */,
				6C8EA3BE26FCEB3C00E81C9E /* CustomTabbarApp.swift */,
				6C8EA3C026FCEB3C00E81C9E /* ContentView.swift */,
				6C8EA3C226FCEB3D00E81C9E /* Assets.xcassets */,
				6C8EA3C426FCEB3D00E81C9E /* Preview Content */,
			);
			path = CustomTabbar;
			sourceTree = "<group>";
		};
		6C8EA3C426FCEB3D00E81C9E /* Preview Content */ = {
			isa = PBXGroup;
			children = (
				6C8EA3C526FCEB3D00E81C9E /* Preview Assets.xcassets */,
			);
			path = "Preview Content";
			sourceTree = "<group>";
		};
		6C8EA3CB26FCEB6F00E81C9E /* Views */ = {
			isa = PBXGroup;
			children = (
				6C8EA3CC26FCEB7B00E81C9E /* BaseView.swift */,
				6C8EA3CE26FCEB9D00E81C9E /* CustomCurveShape.swift */,
				6C8EA3D326FCECC000E81C9E /* Home.swift */,
				6C8EA3D526FCED1700E81C9E /* Heart.swift */,
				6C8EA3D726FCED4100E81C9E /* ClipBoard.swift */,
				6C8EA3D926FCED6900E81C9E /* Person.swift */,
			);
			path = Views;
			sourceTree = "<group>";
		};
		6C8EA3D026FCEC0B00E81C9E /* BaseModel */ = {
			isa = PBXGroup;
			children = (
				6C8EA3D126FCEC1800E81C9E /* BaseViewModel.swift */,
			);
			path = BaseModel;
			sourceTree = "<group>";
		};
		6C8EA3E026FCEEEB00E81C9E /* FloatingTabbar */ = {
			isa = PBXGroup;
			children = (
				6C8EA3ED26FCEEFC00E81C9E /* Views */,
				6C8EA3E126FCEEEB00E81C9E /* FloatingTabbarApp.swift */,
				6C8EA3E326FCEEEB00E81C9E /* ContentView.swift */,
				6C8EA3E526FCEEEC00E81C9E /* Assets.xcassets */,
				6C8EA3E726FCEEEC00E81C9E /* Preview Content */,
			);
			path = FloatingTabbar;
			sourceTree = "<group>";
		};
		6C8EA3E726FCEEEC00E81C9E /* Preview Content */ = {
			isa = PBXGroup;
			children = (
				6C8EA3E826FCEEEC00E81C9E /* Preview Assets.xcassets */,
			);
			path = "Preview Content";
			sourceTree = "<group>";
		};
		6C8EA3ED26FCEEFC00E81C9E /* Views */ = {
			isa = PBXGroup;
			children = (
				6C8EA3EE26FCEF0D00E81C9E /* FloatingTabbarView.swift */,
				6C8EA3F026FCEF2A00E81C9E /* FloatingTabbar.swift */,
			);
			path = Views;
			sourceTree = "<group>";
		};
		6C8EA3F726FCF09500E81C9E /* SquareTabbar */ = {
			isa = PBXGroup;
			children = (
				6C8EA40426FCF09C00E81C9E /* Views */,
				6C8EA3F826FCF09500E81C9E /* SquareTabbarApp.swift */,
				6C8EA3FA26FCF09500E81C9E /* ContentView.swift */,
				6C8EA3FC26FCF09600E81C9E /* Assets.xcassets */,
				6C8EA3FE26FCF09600E81C9E /* Preview Content */,
			);
			path = SquareTabbar;
			sourceTree = "<group>";
		};
		6C8EA3FE26FCF09600E81C9E /* Preview Content */ = {
			isa = PBXGroup;
			children = (
				6C8EA3FF26FCF09600E81C9E /* Preview Assets.xcassets */,
			);
			path = "Preview Content";
			sourceTree = "<group>";
		};
		6C8EA40426FCF09C00E81C9E /* Views */ = {
			isa = PBXGroup;
			children = (
				6C8EA40526FCF0C500E81C9E /* SquareTabbar.swift */,
				6C8EA40726FCF11500E81C9E /* SquareTabs.swift */,
			);
			path = Views;
			sourceTree = "<group>";
		};
		6C8EA40E26FCF6CD00E81C9E /* AnyTabbar */ = {
			isa = PBXGroup;
			children = (
				6C8EA41B26FCF6E800E81C9E /* Tabbar */,
				6C8EA41D26FCF6E800E81C9E /* Views */,
				6C8EA40F26FCF6CD00E81C9E /* AnyTabbarApp.swift */,
				6C8EA41126FCF6CD00E81C9E /* ContentView.swift */,
				6C8EA41326FCF6CE00E81C9E /* Assets.xcassets */,
				6C8EA41526FCF6CE00E81C9E /* Preview Content */,
			);
			path = AnyTabbar;
			sourceTree = "<group>";
		};
		6C8EA41526FCF6CE00E81C9E /* Preview Content */ = {
			isa = PBXGroup;
			children = (
				6C8EA41626FCF6CE00E81C9E /* Preview Assets.xcassets */,
			);
			path = "Preview Content";
			sourceTree = "<group>";
		};
		6C8EA41B26FCF6E800E81C9E /* Tabbar */ = {
			isa = PBXGroup;
			children = (
				6C8EA41C26FCF6E800E81C9E /* TabbarView.swift */,
			);
			path = Tabbar;
			sourceTree = "<group>";
		};
		6C8EA41D26FCF6E800E81C9E /* Views */ = {
			isa = PBXGroup;
			children = (
				6C8EA41E26FCF6E800E81C9E /* ProfileView.swift */,
				6C8EA41F26FCF6E800E81C9E /* MapView.swift */,
				6C8EA42026FCF6E800E81C9E /* HomeView.swift */,
			);
			path = Views;
			sourceTree = "<group>";
		};
		6C8EA42A26FCF8E400E81C9E /* AninateTabbar */ = {
			isa = PBXGroup;
			children = (
				6C8EA43726FCF8F300E81C9E /* Tabbar */,
				6C8EA42B26FCF8E400E81C9E /* AninateTabbarApp.swift */,
				6C8EA42D26FCF8E400E81C9E /* ContentView.swift */,
				6C8EA42F26FCF8E400E81C9E /* Assets.xcassets */,
				6C8EA43126FCF8E400E81C9E /* Preview Content */,
			);
			path = AninateTabbar;
			sourceTree = "<group>";
		};
		6C8EA43126FCF8E400E81C9E /* Preview Content */ = {
			isa = PBXGroup;
			children = (
				6C8EA43226FCF8E400E81C9E /* Preview Assets.xcassets */,
			);
			path = "Preview Content";
			sourceTree = "<group>";
		};
		6C8EA43726FCF8F300E81C9E /* Tabbar */ = {
			isa = PBXGroup;
			children = (
				6C8EA43826FCF8F300E81C9E /* TabbarShape.swift */,
				6C8EA43926FCF8F300E81C9E /* TabbarButton.swift */,
			);
			path = Tabbar;
			sourceTree = "<group>";
		};
		6C8EA44126FCF9B300E81C9E /* AnimatedTabbar */ = {
			isa = PBXGroup;
			children = (
				6C8EA44E26FCF9D200E81C9E /* Views */,
				6C8EA44226FCF9B300E81C9E /* AnimatedTabbarApp.swift */,
				6C8EA44426FCF9B300E81C9E /* ContentView.swift */,
				6C8EA44626FCF9B400E81C9E /* Assets.xcassets */,
				6C8EA44826FCF9B400E81C9E /* Preview Content */,
			);
			path = AnimatedTabbar;
			sourceTree = "<group>";
		};
		6C8EA44826FCF9B400E81C9E /* Preview Content */ = {
			isa = PBXGroup;
			children = (
				6C8EA44926FCF9B400E81C9E /* Preview Assets.xcassets */,
			);
			path = "Preview Content";
			sourceTree = "<group>";
		};
		6C8EA44E26FCF9D200E81C9E /* Views */ = {
			isa = PBXGroup;
			children = (
				6C8EA44F26FCF9E700E81C9E /* Home.swift */,
				6C8EA45126FCFC4800E81C9E /* CustomTabbar.swift */,
				6C8EA45326FCFFA900E81C9E /* TabbarCurve.swift */,
			);
			path = Views;
			sourceTree = "<group>";
		};
		6CD7BA3126FCDEE700C89BB4 = {
			isa = PBXGroup;
			children = (
				6CD7BA3C26FCDEE700C89BB4 /* SwiftUITabbars */,
				6C8EA3A626FCE97300E81C9E /* TabbarCurve */,
				6C8EA3BD26FCEB3C00E81C9E /* CustomTabbar */,
				6C8EA3E026FCEEEB00E81C9E /* FloatingTabbar */,
				6C8EA3F726FCF09500E81C9E /* SquareTabbar */,
				6C8EA40E26FCF6CD00E81C9E /* AnyTabbar */,
				6C8EA42A26FCF8E400E81C9E /* AninateTabbar */,
				6C8EA44126FCF9B300E81C9E /* AnimatedTabbar */,
				6CD7BA3B26FCDEE700C89BB4 /* Products */,
			);
			sourceTree = "<group>";
		};
		6CD7BA3B26FCDEE700C89BB4 /* Products */ = {
			isa = PBXGroup;
			children = (
				6CD7BA3A26FCDEE700C89BB4 /* SwiftUITabbars.app */,
				6C8EA3A526FCE97300E81C9E /* TabbarCurve.app */,
				6C8EA3BC26FCEB3C00E81C9E /* CustomTabbar.app */,
				6C8EA3DF26FCEEEB00E81C9E /* FloatingTabbar.app */,
				6C8EA3F626FCF09500E81C9E /* SquareTabbar.app */,
				6C8EA40D26FCF6CD00E81C9E /* AnyTabbar.app */,
				6C8EA42926FCF8E400E81C9E /* AninateTabbar.app */,
				6C8EA44026FCF9B300E81C9E /* AnimatedTabbar.app */,
			);
			name = Products;
			sourceTree = "<group>";
		};
		6CD7BA3C26FCDEE700C89BB4 /* SwiftUITabbars */ = {
			isa = PBXGroup;
			children = (
				6CD7BA3D26FCDEE700C89BB4 /* AppDelegate.swift */,
				6CD7BA3F26FCDEE700C89BB4 /* SceneDelegate.swift */,
				6CD7BA4126FCDEE700C89BB4 /* ContentView.swift */,
				6CD7BA4326FCDEE800C89BB4 /* Assets.xcassets */,
				6CD7BA4826FCDEE800C89BB4 /* LaunchScreen.storyboard */,
				6CD7BA4B26FCDEE800C89BB4 /* Info.plist */,
				6CD7BA4526FCDEE800C89BB4 /* Preview Content */,
			);
			path = SwiftUITabbars;
			sourceTree = "<group>";
		};
		6CD7BA4526FCDEE800C89BB4 /* Preview Content */ = {
			isa = PBXGroup;
			children = (
				6CD7BA4626FCDEE800C89BB4 /* Preview Assets.xcassets */,
			);
			path = "Preview Content";
			sourceTree = "<group>";
		};
/* End PBXGroup section */

/* Begin PBXNativeTarget section */
		6C8EA3A426FCE97300E81C9E /* TabbarCurve */ = {
			isa = PBXNativeTarget;
			buildConfigurationList = 6C8EA3B026FCE97400E81C9E /* Build configuration list for PBXNativeTarget "TabbarCurve" */;
			buildPhases = (
				6C8EA3A126FCE97300E81C9E /* Sources */,
				6C8EA3A226FCE97300E81C9E /* Frameworks */,
				6C8EA3A326FCE97300E81C9E /* Resources */,
			);
			buildRules = (
			);
			dependencies = (
			);
			name = TabbarCurve;
			productName = TabbarCurve;
			productReference = 6C8EA3A526FCE97300E81C9E /* TabbarCurve.app */;
			productType = "com.apple.product-type.application";
		};
		6C8EA3BB26FCEB3C00E81C9E /* CustomTabbar */ = {
			isa = PBXNativeTarget;
			buildConfigurationList = 6C8EA3C726FCEB3D00E81C9E /* Build configuration list for PBXNativeTarget "CustomTabbar" */;
			buildPhases = (
				6C8EA3B826FCEB3C00E81C9E /* Sources */,
				6C8EA3B926FCEB3C00E81C9E /* Frameworks */,
				6C8EA3BA26FCEB3C00E81C9E /* Resources */,
			);
			buildRules = (
			);
			dependencies = (
			);
			name = CustomTabbar;
			productName = CustomTabbar;
			productReference = 6C8EA3BC26FCEB3C00E81C9E /* CustomTabbar.app */;
			productType = "com.apple.product-type.application";
		};
		6C8EA3DE26FCEEEB00E81C9E /* FloatingTabbar */ = {
			isa = PBXNativeTarget;
			buildConfigurationList = 6C8EA3EA26FCEEEC00E81C9E /* Build configuration list for PBXNativeTarget "FloatingTabbar" */;
			buildPhases = (
				6C8EA3DB26FCEEEB00E81C9E /* Sources */,
				6C8EA3DC26FCEEEB00E81C9E /* Frameworks */,
				6C8EA3DD26FCEEEB00E81C9E /* Resources */,
			);
			buildRules = (
			);
			dependencies = (
			);
			name = FloatingTabbar;
			productName = FloatingTabbar;
			productReference = 6C8EA3DF26FCEEEB00E81C9E /* FloatingTabbar.app */;
			productType = "com.apple.product-type.application";
		};
		6C8EA3F526FCF09500E81C9E /* SquareTabbar */ = {
			isa = PBXNativeTarget;
			buildConfigurationList = 6C8EA40126FCF09600E81C9E /* Build configuration list for PBXNativeTarget "SquareTabbar" */;
			buildPhases = (
				6C8EA3F226FCF09500E81C9E /* Sources */,
				6C8EA3F326FCF09500E81C9E /* Frameworks */,
				6C8EA3F426FCF09500E81C9E /* Resources */,
			);
			buildRules = (
			);
			dependencies = (
			);
			name = SquareTabbar;
			productName = SquareTabbar;
			productReference = 6C8EA3F626FCF09500E81C9E /* SquareTabbar.app */;
			productType = "com.apple.product-type.application";
		};
		6C8EA40C26FCF6CD00E81C9E /* AnyTabbar */ = {
			isa = PBXNativeTarget;
			buildConfigurationList = 6C8EA41826FCF6CE00E81C9E /* Build configuration list for PBXNativeTarget "AnyTabbar" */;
			buildPhases = (
				6C8EA40926FCF6CD00E81C9E /* Sources */,
				6C8EA40A26FCF6CD00E81C9E /* Frameworks */,
				6C8EA40B26FCF6CD00E81C9E /* Resources */,
			);
			buildRules = (
			);
			dependencies = (
			);
			name = AnyTabbar;
			productName = AnyTabbar;
			productReference = 6C8EA40D26FCF6CD00E81C9E /* AnyTabbar.app */;
			productType = "com.apple.product-type.application";
		};
		6C8EA42826FCF8E400E81C9E /* AninateTabbar */ = {
			isa = PBXNativeTarget;
			buildConfigurationList = 6C8EA43426FCF8E400E81C9E /* Build configuration list for PBXNativeTarget "AninateTabbar" */;
			buildPhases = (
				6C8EA42526FCF8E400E81C9E /* Sources */,
				6C8EA42626FCF8E400E81C9E /* Frameworks */,
				6C8EA42726FCF8E400E81C9E /* Resources */,
			);
			buildRules = (
			);
			dependencies = (
			);
			name = AninateTabbar;
			productName = AninateTabbar;
			productReference = 6C8EA42926FCF8E400E81C9E /* AninateTabbar.app */;
			productType = "com.apple.product-type.application";
		};
		6C8EA43F26FCF9B300E81C9E /* AnimatedTabbar */ = {
			isa = PBXNativeTarget;
			buildConfigurationList = 6C8EA44B26FCF9B400E81C9E /* Build configuration list for PBXNativeTarget "AnimatedTabbar" */;
			buildPhases = (
				6C8EA43C26FCF9B300E81C9E /* Sources */,
				6C8EA43D26FCF9B300E81C9E /* Frameworks */,
				6C8EA43E26FCF9B300E81C9E /* Resources */,
			);
			buildRules = (
			);
			dependencies = (
			);
			name = AnimatedTabbar;
			productName = AnimatedTabbar;
			productReference = 6C8EA44026FCF9B300E81C9E /* AnimatedTabbar.app */;
			productType = "com.apple.product-type.application";
		};
		6CD7BA3926FCDEE700C89BB4 /* SwiftUITabbars */ = {
			isa = PBXNativeTarget;
			buildConfigurationList = 6CD7BA4E26FCDEE800C89BB4 /* Build configuration list for PBXNativeTarget "SwiftUITabbars" */;
			buildPhases = (
				6CD7BA3626FCDEE700C89BB4 /* Sources */,
				6CD7BA3726FCDEE700C89BB4 /* Frameworks */,
				6CD7BA3826FCDEE700C89BB4 /* Resources */,
			);
			buildRules = (
			);
			dependencies = (
			);
			name = SwiftUITabbars;
			productName = SwiftUITabbars;
			productReference = 6CD7BA3A26FCDEE700C89BB4 /* SwiftUITabbars.app */;
			productType = "com.apple.product-type.application";
		};
/* End PBXNativeTarget section */

/* Begin PBXProject section */
		6CD7BA3226FCDEE700C89BB4 /* Project object */ = {
			isa = PBXProject;
			attributes = {
				LastSwiftUpdateCheck = 1300;
				LastUpgradeCheck = 1250;
				TargetAttributes = {
					6C8EA3A426FCE97300E81C9E = {
						CreatedOnToolsVersion = 13.0;
					};
					6C8EA3BB26FCEB3C00E81C9E = {
						CreatedOnToolsVersion = 13.0;
					};
					6C8EA3DE26FCEEEB00E81C9E = {
						CreatedOnToolsVersion = 13.0;
					};
					6C8EA3F526FCF09500E81C9E = {
						CreatedOnToolsVersion = 13.0;
					};
					6C8EA40C26FCF6CD00E81C9E = {
						CreatedOnToolsVersion = 13.0;
					};
					6C8EA42826FCF8E400E81C9E = {
						CreatedOnToolsVersion = 13.0;
					};
					6C8EA43F26FCF9B300E81C9E = {
						CreatedOnToolsVersion = 13.0;
					};
					6CD7BA3926FCDEE700C89BB4 = {
						CreatedOnToolsVersion = 12.5.1;
					};
				};
			};
			buildConfigurationList = 6CD7BA3526FCDEE700C89BB4 /* Build configuration list for PBXProject "SwiftUITabbars" */;
			compatibilityVersion = "Xcode 9.3";
			developmentRegion = en;
			hasScannedForEncodings = 0;
			knownRegions = (
				en,
				Base,
			);
			mainGroup = 6CD7BA3126FCDEE700C89BB4;
			productRefGroup = 6CD7BA3B26FCDEE700C89BB4 /* Products */;
			projectDirPath = "";
			projectRoot = "";
			targets = (
				6CD7BA3926FCDEE700C89BB4 /* SwiftUITabbars */,
				6C8EA3A426FCE97300E81C9E /* TabbarCurve */,
				6C8EA3BB26FCEB3C00E81C9E /* CustomTabbar */,
				6C8EA3DE26FCEEEB00E81C9E /* FloatingTabbar */,
				6C8EA3F526FCF09500E81C9E /* SquareTabbar */,
				6C8EA40C26FCF6CD00E81C9E /* AnyTabbar */,
				6C8EA42826FCF8E400E81C9E /* AninateTabbar */,
				6C8EA43F26FCF9B300E81C9E /* AnimatedTabbar */,
			);
		};
/* End PBXProject section */

/* Begin PBXResourcesBuildPhase section */
		6C8EA3A326FCE97300E81C9E /* Resources */ = {
			isa = PBXResourcesBuildPhase;
			buildActionMask = 2147483647;
			files = (
				6C8EA3AF26FCE97400E81C9E /* Preview Assets.xcassets in Resources */,
				6C8EA3AC26FCE97400E81C9E /* Assets.xcassets in Resources */,
			);
			runOnlyForDeploymentPostprocessing = 0;
		};
		6C8EA3BA26FCEB3C00E81C9E /* Resources */ = {
			isa = PBXResourcesBuildPhase;
			buildActionMask = 2147483647;
			files = (
				6C8EA3C626FCEB3D00E81C9E /* Preview Assets.xcassets in Resources */,
				6C8EA3C326FCEB3D00E81C9E /* Assets.xcassets in Resources */,
			);
			runOnlyForDeploymentPostprocessing = 0;
		};
		6C8EA3DD26FCEEEB00E81C9E /* Resources */ = {
			isa = PBXResourcesBuildPhase;
			buildActionMask = 2147483647;
			files = (
				6C8EA3E926FCEEEC00E81C9E /* Preview Assets.xcassets in Resources */,
				6C8EA3E626FCEEEC00E81C9E /* Assets.xcassets in Resources */,
			);
			runOnlyForDeploymentPostprocessing = 0;
		};
		6C8EA3F426FCF09500E81C9E /* Resources */ = {
			isa = PBXResourcesBuildPhase;
			buildActionMask = 2147483647;
			files = (
				6C8EA40026FCF09600E81C9E /* Preview Assets.xcassets in Resources */,
				6C8EA3FD26FCF09600E81C9E /* Assets.xcassets in Resources */,
			);
			runOnlyForDeploymentPostprocessing = 0;
		};
		6C8EA40B26FCF6CD00E81C9E /* Resources */ = {
			isa = PBXResourcesBuildPhase;
			buildActionMask = 2147483647;
			files = (
				6C8EA41726FCF6CE00E81C9E /* Preview Assets.xcassets in Resources */,
				6C8EA41426FCF6CE00E81C9E /* Assets.xcassets in Resources */,
			);
			runOnlyForDeploymentPostprocessing = 0;
		};
		6C8EA42726FCF8E400E81C9E /* Resources */ = {
			isa = PBXResourcesBuildPhase;
			buildActionMask = 2147483647;
			files = (
				6C8EA43326FCF8E400E81C9E /* Preview Assets.xcassets in Resources */,
				6C8EA43026FCF8E400E81C9E /* Assets.xcassets in Resources */,
			);
			runOnlyForDeploymentPostprocessing = 0;
		};
		6C8EA43E26FCF9B300E81C9E /* Resources */ = {
			isa = PBXResourcesBuildPhase;
			buildActionMask = 2147483647;
			files = (
				6C8EA44A26FCF9B400E81C9E /* Preview Assets.xcassets in Resources */,
				6C8EA44726FCF9B400E81C9E /* Assets.xcassets in Resources */,
			);
			runOnlyForDeploymentPostprocessing = 0;
		};
		6CD7BA3826FCDEE700C89BB4 /* Resources */ = {
			isa = PBXResourcesBuildPhase;
			buildActionMask = 2147483647;
			files = (
				6CD7BA4A26FCDEE800C89BB4 /* LaunchScreen.storyboard in Resources */,
				6CD7BA4726FCDEE800C89BB4 /* Preview Assets.xcassets in Resources */,
				6CD7BA4426FCDEE800C89BB4 /* Assets.xcassets in Resources */,
			);
			runOnlyForDeploymentPostprocessing = 0;
		};
/* End PBXResourcesBuildPhase section */

/* Begin PBXSourcesBuildPhase section */
		6C8EA3A126FCE97300E81C9E /* Sources */ = {
			isa = PBXSourcesBuildPhase;
			buildActionMask = 2147483647;
			files = (
				6C8EA3B526FCE99800E81C9E /* BaseView.swift in Sources */,
				6C8EA3AA26FCE97300E81C9E /* ContentView.swift in Sources */,
				6C8EA3B726FCE9D100E81C9E /* CustomTabCurve.swift in Sources */,
				6C8EA3A826FCE97300E81C9E /* TabbarCurveApp.swift in Sources */,
			);
			runOnlyForDeploymentPostprocessing = 0;
		};
		6C8EA3B826FCEB3C00E81C9E /* Sources */ = {
			isa = PBXSourcesBuildPhase;
			buildActionMask = 2147483647;
			files = (
				6C8EA3CD26FCEB7B00E81C9E /* BaseView.swift in Sources */,
				6C8EA3D226FCEC1800E81C9E /* BaseViewModel.swift in Sources */,
				6C8EA3D826FCED4100E81C9E /* ClipBoard.swift in Sources */,
				6C8EA3C126FCEB3C00E81C9E /* ContentView.swift in Sources */,
				6C8EA3CF26FCEB9D00E81C9E /* CustomCurveShape.swift in Sources */,
				6C8EA3D426FCECC000E81C9E /* Home.swift in Sources */,
				6C8EA3DA26FCED6900E81C9E /* Person.swift in Sources */,
				6C8EA3D626FCED1700E81C9E /* Heart.swift in Sources */,
				6C8EA3BF26FCEB3C00E81C9E /* CustomTabbarApp.swift in Sources */,
			);
			runOnlyForDeploymentPostprocessing = 0;
		};
		6C8EA3DB26FCEEEB00E81C9E /* Sources */ = {
			isa = PBXSourcesBuildPhase;
			buildActionMask = 2147483647;
			files = (
				6C8EA3E426FCEEEB00E81C9E /* ContentView.swift in Sources */,
				6C8EA3EF26FCEF0D00E81C9E /* FloatingTabbarView.swift in Sources */,
				6C8EA3E226FCEEEB00E81C9E /* FloatingTabbarApp.swift in Sources */,
				6C8EA3F126FCEF2A00E81C9E /* FloatingTabbar.swift in Sources */,
			);
			runOnlyForDeploymentPostprocessing = 0;
		};
		6C8EA3F226FCF09500E81C9E /* Sources */ = {
			isa = PBXSourcesBuildPhase;
			buildActionMask = 2147483647;
			files = (
				6C8EA3FB26FCF09500E81C9E /* ContentView.swift in Sources */,
				6C8EA40626FCF0C500E81C9E /* SquareTabbar.swift in Sources */,
				6C8EA40826FCF11500E81C9E /* SquareTabs.swift in Sources */,
				6C8EA3F926FCF09500E81C9E /* SquareTabbarApp.swift in Sources */,
			);
			runOnlyForDeploymentPostprocessing = 0;
		};
		6C8EA40926FCF6CD00E81C9E /* Sources */ = {
			isa = PBXSourcesBuildPhase;
			buildActionMask = 2147483647;
			files = (
				6C8EA42226FCF6E800E81C9E /* ProfileView.swift in Sources */,
				6C8EA42126FCF6E800E81C9E /* TabbarView.swift in Sources */,
				6C8EA42326FCF6E800E81C9E /* MapView.swift in Sources */,
				6C8EA42426FCF6E800E81C9E /* HomeView.swift in Sources */,
				6C8EA41226FCF6CD00E81C9E /* ContentView.swift in Sources */,
				6C8EA41026FCF6CD00E81C9E /* AnyTabbarApp.swift in Sources */,
			);
			runOnlyForDeploymentPostprocessing = 0;
		};
		6C8EA42526FCF8E400E81C9E /* Sources */ = {
			isa = PBXSourcesBuildPhase;
			buildActionMask = 2147483647;
			files = (
				6C8EA42E26FCF8E400E81C9E /* ContentView.swift in Sources */,
				6C8EA43B26FCF8F300E81C9E /* TabbarButton.swift in Sources */,
				6C8EA43A26FCF8F300E81C9E /* TabbarShape.swift in Sources */,
				6C8EA42C26FCF8E400E81C9E /* AninateTabbarApp.swift in Sources */,
			);
			runOnlyForDeploymentPostprocessing = 0;
		};
		6C8EA43C26FCF9B300E81C9E /* Sources */ = {
			isa = PBXSourcesBuildPhase;
			buildActionMask = 2147483647;
			files = (
				6C8EA45226FCFC4800E81C9E /* CustomTabbar.swift in Sources */,
				6C8EA44526FCF9B300E81C9E /* ContentView.swift in Sources */,
				6C8EA45426FCFFA900E81C9E /* TabbarCurve.swift in Sources */,
				6C8EA45026FCF9E700E81C9E /* Home.swift in Sources */,
				6C8EA44326FCF9B300E81C9E /* AnimatedTabbarApp.swift in Sources */,
			);
			runOnlyForDeploymentPostprocessing = 0;
		};
		6CD7BA3626FCDEE700C89BB4 /* Sources */ = {
			isa = PBXSourcesBuildPhase;
			buildActionMask = 2147483647;
			files = (
				6CD7BA3E26FCDEE700C89BB4 /* AppDelegate.swift in Sources */,
				6CD7BA4026FCDEE700C89BB4 /* SceneDelegate.swift in Sources */,
				6CD7BA4226FCDEE700C89BB4 /* ContentView.swift in Sources */,
			);
			runOnlyForDeploymentPostprocessing = 0;
		};
/* End PBXSourcesBuildPhase section */

/* Begin PBXVariantGroup section */
		6CD7BA4826FCDEE800C89BB4 /* LaunchScreen.storyboard */ = {
			isa = PBXVariantGroup;
			children = (
				6CD7BA4926FCDEE800C89BB4 /* Base */,
			);
			name = LaunchScreen.storyboard;
			sourceTree = "<group>";
		};
/* End PBXVariantGroup section */

/* Begin XCBuildConfiguration section */
		6C8EA3B126FCE97400E81C9E /* Debug */ = {
			isa = XCBuildConfiguration;
			buildSettings = {
				ASSETCATALOG_COMPILER_APPICON_NAME = AppIcon;
				ASSETCATALOG_COMPILER_GLOBAL_ACCENT_COLOR_NAME = AccentColor;
				CLANG_CXX_LANGUAGE_STANDARD = "gnu++17";
				CODE_SIGN_STYLE = Automatic;
				CURRENT_PROJECT_VERSION = 1;
				DEVELOPMENT_ASSET_PATHS = "\"TabbarCurve/Preview Content\"";
				DEVELOPMENT_TEAM = SJM6GRJ299;
				ENABLE_PREVIEWS = YES;
				GENERATE_INFOPLIST_FILE = YES;
				INFOPLIST_KEY_UIApplicationSceneManifest_Generation = YES;
				INFOPLIST_KEY_UIApplicationSupportsIndirectInputEvents = YES;
				INFOPLIST_KEY_UILaunchScreen_Generation = YES;
				INFOPLIST_KEY_UISupportedInterfaceOrientations_iPad = "UIInterfaceOrientationPortrait UIInterfaceOrientationPortraitUpsideDown UIInterfaceOrientationLandscapeLeft UIInterfaceOrientationLandscapeRight";
				INFOPLIST_KEY_UISupportedInterfaceOrientations_iPhone = "UIInterfaceOrientationPortrait UIInterfaceOrientationLandscapeLeft UIInterfaceOrientationLandscapeRight";
				IPHONEOS_DEPLOYMENT_TARGET = 15.0;
				LD_RUNPATH_SEARCH_PATHS = (
					"$(inherited)",
					"@executable_path/Frameworks",
				);
				MARKETING_VERSION = 1.0;
				PRODUCT_BUNDLE_IDENTIFIER = cn.jovins.TabbarCurve;
				PRODUCT_NAME = "$(TARGET_NAME)";
				SWIFT_EMIT_LOC_STRINGS = YES;
				SWIFT_VERSION = 5.0;
				TARGETED_DEVICE_FAMILY = "1,2";
			};
			name = Debug;
		};
		6C8EA3B226FCE97400E81C9E /* Release */ = {
			isa = XCBuildConfiguration;
			buildSettings = {
				ASSETCATALOG_COMPILER_APPICON_NAME = AppIcon;
				ASSETCATALOG_COMPILER_GLOBAL_ACCENT_COLOR_NAME = AccentColor;
				CLANG_CXX_LANGUAGE_STANDARD = "gnu++17";
				CODE_SIGN_STYLE = Automatic;
				CURRENT_PROJECT_VERSION = 1;
				DEVELOPMENT_ASSET_PATHS = "\"TabbarCurve/Preview Content\"";
				DEVELOPMENT_TEAM = SJM6GRJ299;
				ENABLE_PREVIEWS = YES;
				GENERATE_INFOPLIST_FILE = YES;
				INFOPLIST_KEY_UIApplicationSceneManifest_Generation = YES;
				INFOPLIST_KEY_UIApplicationSupportsIndirectInputEvents = YES;
				INFOPLIST_KEY_UILaunchScreen_Generation = YES;
				INFOPLIST_KEY_UISupportedInterfaceOrientations_iPad = "UIInterfaceOrientationPortrait UIInterfaceOrientationPortraitUpsideDown UIInterfaceOrientationLandscapeLeft UIInterfaceOrientationLandscapeRight";
				INFOPLIST_KEY_UISupportedInterfaceOrientations_iPhone = "UIInterfaceOrientationPortrait UIInterfaceOrientationLandscapeLeft UIInterfaceOrientationLandscapeRight";
				IPHONEOS_DEPLOYMENT_TARGET = 15.0;
				LD_RUNPATH_SEARCH_PATHS = (
					"$(inherited)",
					"@executable_path/Frameworks",
				);
				MARKETING_VERSION = 1.0;
				PRODUCT_BUNDLE_IDENTIFIER = cn.jovins.TabbarCurve;
				PRODUCT_NAME = "$(TARGET_NAME)";
				SWIFT_EMIT_LOC_STRINGS = YES;
				SWIFT_VERSION = 5.0;
				TARGETED_DEVICE_FAMILY = "1,2";
			};
			name = Release;
		};
		6C8EA3C826FCEB3D00E81C9E /* Debug */ = {
			isa = XCBuildConfiguration;
			buildSettings = {
				ASSETCATALOG_COMPILER_APPICON_NAME = AppIcon;
				ASSETCATALOG_COMPILER_GLOBAL_ACCENT_COLOR_NAME = AccentColor;
				CLANG_CXX_LANGUAGE_STANDARD = "gnu++17";
				CODE_SIGN_STYLE = Automatic;
				CURRENT_PROJECT_VERSION = 1;
				DEVELOPMENT_ASSET_PATHS = "\"CustomTabbar/Preview Content\"";
				DEVELOPMENT_TEAM = SJM6GRJ299;
				ENABLE_PREVIEWS = YES;
				GENERATE_INFOPLIST_FILE = YES;
				INFOPLIST_KEY_UIApplicationSceneManifest_Generation = YES;
				INFOPLIST_KEY_UIApplicationSupportsIndirectInputEvents = YES;
				INFOPLIST_KEY_UILaunchScreen_Generation = YES;
				INFOPLIST_KEY_UISupportedInterfaceOrientations_iPad = "UIInterfaceOrientationPortrait UIInterfaceOrientationPortraitUpsideDown UIInterfaceOrientationLandscapeLeft UIInterfaceOrientationLandscapeRight";
				INFOPLIST_KEY_UISupportedInterfaceOrientations_iPhone = "UIInterfaceOrientationPortrait UIInterfaceOrientationLandscapeLeft UIInterfaceOrientationLandscapeRight";
				IPHONEOS_DEPLOYMENT_TARGET = 15.0;
				LD_RUNPATH_SEARCH_PATHS = (
					"$(inherited)",
					"@executable_path/Frameworks",
				);
				MARKETING_VERSION = 1.0;
				PRODUCT_BUNDLE_IDENTIFIER = cn.jovins.CustomTabbar;
				PRODUCT_NAME = "$(TARGET_NAME)";
				SWIFT_EMIT_LOC_STRINGS = YES;
				SWIFT_VERSION = 5.0;
				TARGETED_DEVICE_FAMILY = "1,2";
			};
			name = Debug;
		};
		6C8EA3C926FCEB3D00E81C9E /* Release */ = {
			isa = XCBuildConfiguration;
			buildSettings = {
				ASSETCATALOG_COMPILER_APPICON_NAME = AppIcon;
				ASSETCATALOG_COMPILER_GLOBAL_ACCENT_COLOR_NAME = AccentColor;
				CLANG_CXX_LANGUAGE_STANDARD = "gnu++17";
				CODE_SIGN_STYLE = Automatic;
				CURRENT_PROJECT_VERSION = 1;
				DEVELOPMENT_ASSET_PATHS = "\"CustomTabbar/Preview Content\"";
				DEVELOPMENT_TEAM = SJM6GRJ299;
				ENABLE_PREVIEWS = YES;
				GENERATE_INFOPLIST_FILE = YES;
				INFOPLIST_KEY_UIApplicationSceneManifest_Generation = YES;
				INFOPLIST_KEY_UIApplicationSupportsIndirectInputEvents = YES;
				INFOPLIST_KEY_UILaunchScreen_Generation = YES;
				INFOPLIST_KEY_UISupportedInterfaceOrientations_iPad = "UIInterfaceOrientationPortrait UIInterfaceOrientationPortraitUpsideDown UIInterfaceOrientationLandscapeLeft UIInterfaceOrientationLandscapeRight";
				INFOPLIST_KEY_UISupportedInterfaceOrientations_iPhone = "UIInterfaceOrientationPortrait UIInterfaceOrientationLandscapeLeft UIInterfaceOrientationLandscapeRight";
				IPHONEOS_DEPLOYMENT_TARGET = 15.0;
				LD_RUNPATH_SEARCH_PATHS = (
					"$(inherited)",
					"@executable_path/Frameworks",
				);
				MARKETING_VERSION = 1.0;
				PRODUCT_BUNDLE_IDENTIFIER = cn.jovins.CustomTabbar;
				PRODUCT_NAME = "$(TARGET_NAME)";
				SWIFT_EMIT_LOC_STRINGS = YES;
				SWIFT_VERSION = 5.0;
				TARGETED_DEVICE_FAMILY = "1,2";
			};
			name = Release;
		};
		6C8EA3EB26FCEEEC00E81C9E /* Debug */ = {
			isa = XCBuildConfiguration;
			buildSettings = {
				ASSETCATALOG_COMPILER_APPICON_NAME = AppIcon;
				ASSETCATALOG_COMPILER_GLOBAL_ACCENT_COLOR_NAME = AccentColor;
				CLANG_CXX_LANGUAGE_STANDARD = "gnu++17";
				CODE_SIGN_STYLE = Automatic;
				CURRENT_PROJECT_VERSION = 1;
				DEVELOPMENT_ASSET_PATHS = "\"FloatingTabbar/Preview Content\"";
				DEVELOPMENT_TEAM = SJM6GRJ299;
				ENABLE_PREVIEWS = YES;
				GENERATE_INFOPLIST_FILE = YES;
				INFOPLIST_KEY_UIApplicationSceneManifest_Generation = YES;
				INFOPLIST_KEY_UIApplicationSupportsIndirectInputEvents = YES;
				INFOPLIST_KEY_UILaunchScreen_Generation = YES;
				INFOPLIST_KEY_UISupportedInterfaceOrientations_iPad = "UIInterfaceOrientationPortrait UIInterfaceOrientationPortraitUpsideDown UIInterfaceOrientationLandscapeLeft UIInterfaceOrientationLandscapeRight";
				INFOPLIST_KEY_UISupportedInterfaceOrientations_iPhone = "UIInterfaceOrientationPortrait UIInterfaceOrientationLandscapeLeft UIInterfaceOrientationLandscapeRight";
				IPHONEOS_DEPLOYMENT_TARGET = 15.0;
				LD_RUNPATH_SEARCH_PATHS = (
					"$(inherited)",
					"@executable_path/Frameworks",
				);
				MARKETING_VERSION = 1.0;
				PRODUCT_BUNDLE_IDENTIFIER = cn.jovins.FloatingTabbar;
				PRODUCT_NAME = "$(TARGET_NAME)";
				SWIFT_EMIT_LOC_STRINGS = YES;
				SWIFT_VERSION = 5.0;
				TARGETED_DEVICE_FAMILY = "1,2";
			};
			name = Debug;
		};
		6C8EA3EC26FCEEEC00E81C9E /* Release */ = {
			isa = XCBuildConfiguration;
			buildSettings = {
				ASSETCATALOG_COMPILER_APPICON_NAME = AppIcon;
				ASSETCATALOG_COMPILER_GLOBAL_ACCENT_COLOR_NAME = AccentColor;
				CLANG_CXX_LANGUAGE_STANDARD = "gnu++17";
				CODE_SIGN_STYLE = Automatic;
				CURRENT_PROJECT_VERSION = 1;
				DEVELOPMENT_ASSET_PATHS = "\"FloatingTabbar/Preview Content\"";
				DEVELOPMENT_TEAM = SJM6GRJ299;
				ENABLE_PREVIEWS = YES;
				GENERATE_INFOPLIST_FILE = YES;
				INFOPLIST_KEY_UIApplicationSceneManifest_Generation = YES;
				INFOPLIST_KEY_UIApplicationSupportsIndirectInputEvents = YES;
				INFOPLIST_KEY_UILaunchScreen_Generation = YES;
				INFOPLIST_KEY_UISupportedInterfaceOrientations_iPad = "UIInterfaceOrientationPortrait UIInterfaceOrientationPortraitUpsideDown UIInterfaceOrientationLandscapeLeft UIInterfaceOrientationLandscapeRight";
				INFOPLIST_KEY_UISupportedInterfaceOrientations_iPhone = "UIInterfaceOrientationPortrait UIInterfaceOrientationLandscapeLeft UIInterfaceOrientationLandscapeRight";
				IPHONEOS_DEPLOYMENT_TARGET = 15.0;
				LD_RUNPATH_SEARCH_PATHS = (
					"$(inherited)",
					"@executable_path/Frameworks",
				);
				MARKETING_VERSION = 1.0;
				PRODUCT_BUNDLE_IDENTIFIER = cn.jovins.FloatingTabbar;
				PRODUCT_NAME = "$(TARGET_NAME)";
				SWIFT_EMIT_LOC_STRINGS = YES;
				SWIFT_VERSION = 5.0;
				TARGETED_DEVICE_FAMILY = "1,2";
			};
			name = Release;
		};
		6C8EA40226FCF09600E81C9E /* Debug */ = {
			isa = XCBuildConfiguration;
			buildSettings = {
				ASSETCATALOG_COMPILER_APPICON_NAME = AppIcon;
				ASSETCATALOG_COMPILER_GLOBAL_ACCENT_COLOR_NAME = AccentColor;
				CLANG_CXX_LANGUAGE_STANDARD = "gnu++17";
				CODE_SIGN_STYLE = Automatic;
				CURRENT_PROJECT_VERSION = 1;
				DEVELOPMENT_ASSET_PATHS = "\"SquareTabbar/Preview Content\"";
				DEVELOPMENT_TEAM = SJM6GRJ299;
				ENABLE_PREVIEWS = YES;
				GENERATE_INFOPLIST_FILE = YES;
				INFOPLIST_KEY_UIApplicationSceneManifest_Generation = YES;
				INFOPLIST_KEY_UIApplicationSupportsIndirectInputEvents = YES;
				INFOPLIST_KEY_UILaunchScreen_Generation = YES;
				INFOPLIST_KEY_UISupportedInterfaceOrientations_iPad = "UIInterfaceOrientationPortrait UIInterfaceOrientationPortraitUpsideDown UIInterfaceOrientationLandscapeLeft UIInterfaceOrientationLandscapeRight";
				INFOPLIST_KEY_UISupportedInterfaceOrientations_iPhone = "UIInterfaceOrientationPortrait UIInterfaceOrientationLandscapeLeft UIInterfaceOrientationLandscapeRight";
				IPHONEOS_DEPLOYMENT_TARGET = 15.0;
				LD_RUNPATH_SEARCH_PATHS = (
					"$(inherited)",
					"@executable_path/Frameworks",
				);
				MARKETING_VERSION = 1.0;
				PRODUCT_BUNDLE_IDENTIFIER = cn.jovins.SquareTabbar;
				PRODUCT_NAME = "$(TARGET_NAME)";
				SWIFT_EMIT_LOC_STRINGS = YES;
				SWIFT_VERSION = 5.0;
				TARGETED_DEVICE_FAMILY = "1,2";
			};
			name = Debug;
		};
		6C8EA40326FCF09600E81C9E /* Release */ = {
			isa = XCBuildConfiguration;
			buildSettings = {
				ASSETCATALOG_COMPILER_APPICON_NAME = AppIcon;
				ASSETCATALOG_COMPILER_GLOBAL_ACCENT_COLOR_NAME = AccentColor;
				CLANG_CXX_LANGUAGE_STANDARD = "gnu++17";
				CODE_SIGN_STYLE = Automatic;
				CURRENT_PROJECT_VERSION = 1;
				DEVELOPMENT_ASSET_PATHS = "\"SquareTabbar/Preview Content\"";
				DEVELOPMENT_TEAM = SJM6GRJ299;
				ENABLE_PREVIEWS = YES;
				GENERATE_INFOPLIST_FILE = YES;
				INFOPLIST_KEY_UIApplicationSceneManifest_Generation = YES;
				INFOPLIST_KEY_UIApplicationSupportsIndirectInputEvents = YES;
				INFOPLIST_KEY_UILaunchScreen_Generation = YES;
				INFOPLIST_KEY_UISupportedInterfaceOrientations_iPad = "UIInterfaceOrientationPortrait UIInterfaceOrientationPortraitUpsideDown UIInterfaceOrientationLandscapeLeft UIInterfaceOrientationLandscapeRight";
				INFOPLIST_KEY_UISupportedInterfaceOrientations_iPhone = "UIInterfaceOrientationPortrait UIInterfaceOrientationLandscapeLeft UIInterfaceOrientationLandscapeRight";
				IPHONEOS_DEPLOYMENT_TARGET = 15.0;
				LD_RUNPATH_SEARCH_PATHS = (
					"$(inherited)",
					"@executable_path/Frameworks",
				);
				MARKETING_VERSION = 1.0;
				PRODUCT_BUNDLE_IDENTIFIER = cn.jovins.SquareTabbar;
				PRODUCT_NAME = "$(TARGET_NAME)";
				SWIFT_EMIT_LOC_STRINGS = YES;
				SWIFT_VERSION = 5.0;
				TARGETED_DEVICE_FAMILY = "1,2";
			};
			name = Release;
		};
		6C8EA41926FCF6CE00E81C9E /* Debug */ = {
			isa = XCBuildConfiguration;
			buildSettings = {
				ASSETCATALOG_COMPILER_APPICON_NAME = AppIcon;
				ASSETCATALOG_COMPILER_GLOBAL_ACCENT_COLOR_NAME = AccentColor;
				CLANG_CXX_LANGUAGE_STANDARD = "gnu++17";
				CODE_SIGN_STYLE = Automatic;
				CURRENT_PROJECT_VERSION = 1;
				DEVELOPMENT_ASSET_PATHS = "\"AnyTabbar/Preview Content\"";
				DEVELOPMENT_TEAM = SJM6GRJ299;
				ENABLE_PREVIEWS = YES;
				GENERATE_INFOPLIST_FILE = YES;
				INFOPLIST_KEY_NSLocationAlwaysAndWhenInUseUsageDescription = "请求定位";
				INFOPLIST_KEY_NSLocationWhenInUseUsageDescription = "请求定位";
				INFOPLIST_KEY_UIApplicationSceneManifest_Generation = YES;
				INFOPLIST_KEY_UIApplicationSupportsIndirectInputEvents = YES;
				INFOPLIST_KEY_UILaunchScreen_Generation = YES;
				INFOPLIST_KEY_UISupportedInterfaceOrientations_iPad = "UIInterfaceOrientationPortrait UIInterfaceOrientationPortraitUpsideDown UIInterfaceOrientationLandscapeLeft UIInterfaceOrientationLandscapeRight";
				INFOPLIST_KEY_UISupportedInterfaceOrientations_iPhone = "UIInterfaceOrientationPortrait UIInterfaceOrientationLandscapeLeft UIInterfaceOrientationLandscapeRight";
				IPHONEOS_DEPLOYMENT_TARGET = 15.0;
				LD_RUNPATH_SEARCH_PATHS = (
					"$(inherited)",
					"@executable_path/Frameworks",
				);
				MARKETING_VERSION = 1.0;
				PRODUCT_BUNDLE_IDENTIFIER = cn.jovins.AnyTabbar;
				PRODUCT_NAME = "$(TARGET_NAME)";
				SWIFT_EMIT_LOC_STRINGS = YES;
				SWIFT_VERSION = 5.0;
				TARGETED_DEVICE_FAMILY = "1,2";
			};
			name = Debug;
		};
		6C8EA41A26FCF6CE00E81C9E /* Release */ = {
			isa = XCBuildConfiguration;
			buildSettings = {
				ASSETCATALOG_COMPILER_APPICON_NAME = AppIcon;
				ASSETCATALOG_COMPILER_GLOBAL_ACCENT_COLOR_NAME = AccentColor;
				CLANG_CXX_LANGUAGE_STANDARD = "gnu++17";
				CODE_SIGN_STYLE = Automatic;
				CURRENT_PROJECT_VERSION = 1;
				DEVELOPMENT_ASSET_PATHS = "\"AnyTabbar/Preview Content\"";
				DEVELOPMENT_TEAM = SJM6GRJ299;
				ENABLE_PREVIEWS = YES;
				GENERATE_INFOPLIST_FILE = YES;
				INFOPLIST_KEY_NSLocationAlwaysAndWhenInUseUsageDescription = "请求定位";
				INFOPLIST_KEY_NSLocationWhenInUseUsageDescription = "请求定位";
				INFOPLIST_KEY_UIApplicationSceneManifest_Generation = YES;
				INFOPLIST_KEY_UIApplicationSupportsIndirectInputEvents = YES;
				INFOPLIST_KEY_UILaunchScreen_Generation = YES;
				INFOPLIST_KEY_UISupportedInterfaceOrientations_iPad = "UIInterfaceOrientationPortrait UIInterfaceOrientationPortraitUpsideDown UIInterfaceOrientationLandscapeLeft UIInterfaceOrientationLandscapeRight";
				INFOPLIST_KEY_UISupportedInterfaceOrientations_iPhone = "UIInterfaceOrientationPortrait UIInterfaceOrientationLandscapeLeft UIInterfaceOrientationLandscapeRight";
				IPHONEOS_DEPLOYMENT_TARGET = 15.0;
				LD_RUNPATH_SEARCH_PATHS = (
					"$(inherited)",
					"@executable_path/Frameworks",
				);
				MARKETING_VERSION = 1.0;
				PRODUCT_BUNDLE_IDENTIFIER = cn.jovins.AnyTabbar;
				PRODUCT_NAME = "$(TARGET_NAME)";
				SWIFT_EMIT_LOC_STRINGS = YES;
				SWIFT_VERSION = 5.0;
				TARGETED_DEVICE_FAMILY = "1,2";
			};
			name = Release;
		};
		6C8EA43526FCF8E400E81C9E /* Debug */ = {
			isa = XCBuildConfiguration;
			buildSettings = {
				ASSETCATALOG_COMPILER_APPICON_NAME = AppIcon;
				ASSETCATALOG_COMPILER_GLOBAL_ACCENT_COLOR_NAME = AccentColor;
				CLANG_CXX_LANGUAGE_STANDARD = "gnu++17";
				CODE_SIGN_STYLE = Automatic;
				CURRENT_PROJECT_VERSION = 1;
				DEVELOPMENT_ASSET_PATHS = "\"AninateTabbar/Preview Content\"";
				DEVELOPMENT_TEAM = SJM6GRJ299;
				ENABLE_PREVIEWS = YES;
				GENERATE_INFOPLIST_FILE = YES;
				INFOPLIST_KEY_UIApplicationSceneManifest_Generation = YES;
				INFOPLIST_KEY_UIApplicationSupportsIndirectInputEvents = YES;
				INFOPLIST_KEY_UILaunchScreen_Generation = YES;
				INFOPLIST_KEY_UISupportedInterfaceOrientations_iPad = "UIInterfaceOrientationPortrait UIInterfaceOrientationPortraitUpsideDown UIInterfaceOrientationLandscapeLeft UIInterfaceOrientationLandscapeRight";
				INFOPLIST_KEY_UISupportedInterfaceOrientations_iPhone = "UIInterfaceOrientationPortrait UIInterfaceOrientationLandscapeLeft UIInterfaceOrientationLandscapeRight";
				IPHONEOS_DEPLOYMENT_TARGET = 15.0;
				LD_RUNPATH_SEARCH_PATHS = (
					"$(inherited)",
					"@executable_path/Frameworks",
				);
				MARKETING_VERSION = 1.0;
				PRODUCT_BUNDLE_IDENTIFIER = cn.jovins.AninateTabbar;
				PRODUCT_NAME = "$(TARGET_NAME)";
				SWIFT_EMIT_LOC_STRINGS = YES;
				SWIFT_VERSION = 5.0;
				TARGETED_DEVICE_FAMILY = "1,2";
			};
			name = Debug;
		};
		6C8EA43626FCF8E400E81C9E /* Release */ = {
			isa = XCBuildConfiguration;
			buildSettings = {
				ASSETCATALOG_COMPILER_APPICON_NAME = AppIcon;
				ASSETCATALOG_COMPILER_GLOBAL_ACCENT_COLOR_NAME = AccentColor;
				CLANG_CXX_LANGUAGE_STANDARD = "gnu++17";
				CODE_SIGN_STYLE = Automatic;
				CURRENT_PROJECT_VERSION = 1;
				DEVELOPMENT_ASSET_PATHS = "\"AninateTabbar/Preview Content\"";
				DEVELOPMENT_TEAM = SJM6GRJ299;
				ENABLE_PREVIEWS = YES;
				GENERATE_INFOPLIST_FILE = YES;
				INFOPLIST_KEY_UIApplicationSceneManifest_Generation = YES;
				INFOPLIST_KEY_UIApplicationSupportsIndirectInputEvents = YES;
				INFOPLIST_KEY_UILaunchScreen_Generation = YES;
				INFOPLIST_KEY_UISupportedInterfaceOrientations_iPad = "UIInterfaceOrientationPortrait UIInterfaceOrientationPortraitUpsideDown UIInterfaceOrientationLandscapeLeft UIInterfaceOrientationLandscapeRight";
				INFOPLIST_KEY_UISupportedInterfaceOrientations_iPhone = "UIInterfaceOrientationPortrait UIInterfaceOrientationLandscapeLeft UIInterfaceOrientationLandscapeRight";
				IPHONEOS_DEPLOYMENT_TARGET = 15.0;
				LD_RUNPATH_SEARCH_PATHS = (
					"$(inherited)",
					"@executable_path/Frameworks",
				);
				MARKETING_VERSION = 1.0;
				PRODUCT_BUNDLE_IDENTIFIER = cn.jovins.AninateTabbar;
				PRODUCT_NAME = "$(TARGET_NAME)";
				SWIFT_EMIT_LOC_STRINGS = YES;
				SWIFT_VERSION = 5.0;
				TARGETED_DEVICE_FAMILY = "1,2";
			};
			name = Release;
		};
		6C8EA44C26FCF9B400E81C9E /* Debug */ = {
			isa = XCBuildConfiguration;
			buildSettings = {
				ASSETCATALOG_COMPILER_APPICON_NAME = AppIcon;
				ASSETCATALOG_COMPILER_GLOBAL_ACCENT_COLOR_NAME = AccentColor;
				CLANG_CXX_LANGUAGE_STANDARD = "gnu++17";
				CODE_SIGN_STYLE = Automatic;
				CURRENT_PROJECT_VERSION = 1;
				DEVELOPMENT_ASSET_PATHS = "\"AnimatedTabbar/Preview Content\"";
				DEVELOPMENT_TEAM = SJM6GRJ299;
				ENABLE_PREVIEWS = YES;
				GENERATE_INFOPLIST_FILE = YES;
				INFOPLIST_KEY_UIApplicationSceneManifest_Generation = YES;
				INFOPLIST_KEY_UIApplicationSupportsIndirectInputEvents = YES;
				INFOPLIST_KEY_UILaunchScreen_Generation = YES;
				INFOPLIST_KEY_UISupportedInterfaceOrientations_iPad = "UIInterfaceOrientationPortrait UIInterfaceOrientationPortraitUpsideDown UIInterfaceOrientationLandscapeLeft UIInterfaceOrientationLandscapeRight";
				INFOPLIST_KEY_UISupportedInterfaceOrientations_iPhone = "UIInterfaceOrientationPortrait UIInterfaceOrientationLandscapeLeft UIInterfaceOrientationLandscapeRight";
				IPHONEOS_DEPLOYMENT_TARGET = 15.0;
				LD_RUNPATH_SEARCH_PATHS = (
					"$(inherited)",
					"@executable_path/Frameworks",
				);
				MARKETING_VERSION = 1.0;
				PRODUCT_BUNDLE_IDENTIFIER = cn.jovins.AnimatedTabbar;
				PRODUCT_NAME = "$(TARGET_NAME)";
				SWIFT_EMIT_LOC_STRINGS = YES;
				SWIFT_VERSION = 5.0;
				TARGETED_DEVICE_FAMILY = "1,2";
			};
			name = Debug;
		};
		6C8EA44D26FCF9B400E81C9E /* Release */ = {
			isa = XCBuildConfiguration;
			buildSettings = {
				ASSETCATALOG_COMPILER_APPICON_NAME = AppIcon;
				ASSETCATALOG_COMPILER_GLOBAL_ACCENT_COLOR_NAME = AccentColor;
				CLANG_CXX_LANGUAGE_STANDARD = "gnu++17";
				CODE_SIGN_STYLE = Automatic;
				CURRENT_PROJECT_VERSION = 1;
				DEVELOPMENT_ASSET_PATHS = "\"AnimatedTabbar/Preview Content\"";
				DEVELOPMENT_TEAM = SJM6GRJ299;
				ENABLE_PREVIEWS = YES;
				GENERATE_INFOPLIST_FILE = YES;
				INFOPLIST_KEY_UIApplicationSceneManifest_Generation = YES;
				INFOPLIST_KEY_UIApplicationSupportsIndirectInputEvents = YES;
				INFOPLIST_KEY_UILaunchScreen_Generation = YES;
				INFOPLIST_KEY_UISupportedInterfaceOrientations_iPad = "UIInterfaceOrientationPortrait UIInterfaceOrientationPortraitUpsideDown UIInterfaceOrientationLandscapeLeft UIInterfaceOrientationLandscapeRight";
				INFOPLIST_KEY_UISupportedInterfaceOrientations_iPhone = "UIInterfaceOrientationPortrait UIInterfaceOrientationLandscapeLeft UIInterfaceOrientationLandscapeRight";
				IPHONEOS_DEPLOYMENT_TARGET = 15.0;
				LD_RUNPATH_SEARCH_PATHS = (
					"$(inherited)",
					"@executable_path/Frameworks",
				);
				MARKETING_VERSION = 1.0;
				PRODUCT_BUNDLE_IDENTIFIER = cn.jovins.AnimatedTabbar;
				PRODUCT_NAME = "$(TARGET_NAME)";
				SWIFT_EMIT_LOC_STRINGS = YES;
				SWIFT_VERSION = 5.0;
				TARGETED_DEVICE_FAMILY = "1,2";
			};
			name = Release;
		};
		6CD7BA4C26FCDEE800C89BB4 /* Debug */ = {
			isa = XCBuildConfiguration;
			buildSettings = {
				ALWAYS_SEARCH_USER_PATHS = NO;
				CLANG_ANALYZER_NONNULL = YES;
				CLANG_ANALYZER_NUMBER_OBJECT_CONVERSION = YES_AGGRESSIVE;
				CLANG_CXX_LANGUAGE_STANDARD = "gnu++14";
				CLANG_CXX_LIBRARY = "libc++";
				CLANG_ENABLE_MODULES = YES;
				CLANG_ENABLE_OBJC_ARC = YES;
				CLANG_ENABLE_OBJC_WEAK = YES;
				CLANG_WARN_BLOCK_CAPTURE_AUTORELEASING = YES;
				CLANG_WARN_BOOL_CONVERSION = YES;
				CLANG_WARN_COMMA = YES;
				CLANG_WARN_CONSTANT_CONVERSION = YES;
				CLANG_WARN_DEPRECATED_OBJC_IMPLEMENTATIONS = YES;
				CLANG_WARN_DIRECT_OBJC_ISA_USAGE = YES_ERROR;
				CLANG_WARN_DOCUMENTATION_COMMENTS = YES;
				CLANG_WARN_EMPTY_BODY = YES;
				CLANG_WARN_ENUM_CONVERSION = YES;
				CLANG_WARN_INFINITE_RECURSION = YES;
				CLANG_WARN_INT_CONVERSION = YES;
				CLANG_WARN_NON_LITERAL_NULL_CONVERSION = YES;
				CLANG_WARN_OBJC_IMPLICIT_RETAIN_SELF = YES;
				CLANG_WARN_OBJC_LITERAL_CONVERSION = YES;
				CLANG_WARN_OBJC_ROOT_CLASS = YES_ERROR;
				CLANG_WARN_QUOTED_INCLUDE_IN_FRAMEWORK_HEADER = YES;
				CLANG_WARN_RANGE_LOOP_ANALYSIS = YES;
				CLANG_WARN_STRICT_PROTOTYPES = YES;
				CLANG_WARN_SUSPICIOUS_MOVE = YES;
				CLANG_WARN_UNGUARDED_AVAILABILITY = YES_AGGRESSIVE;
				CLANG_WARN_UNREACHABLE_CODE = YES;
				CLANG_WARN__DUPLICATE_METHOD_MATCH = YES;
				COPY_PHASE_STRIP = NO;
				DEBUG_INFORMATION_FORMAT = dwarf;
				ENABLE_STRICT_OBJC_MSGSEND = YES;
				ENABLE_TESTABILITY = YES;
				GCC_C_LANGUAGE_STANDARD = gnu11;
				GCC_DYNAMIC_NO_PIC = NO;
				GCC_NO_COMMON_BLOCKS = YES;
				GCC_OPTIMIZATION_LEVEL = 0;
				GCC_PREPROCESSOR_DEFINITIONS = (
					"DEBUG=1",
					"$(inherited)",
				);
				GCC_WARN_64_TO_32_BIT_CONVERSION = YES;
				GCC_WARN_ABOUT_RETURN_TYPE = YES_ERROR;
				GCC_WARN_UNDECLARED_SELECTOR = YES;
				GCC_WARN_UNINITIALIZED_AUTOS = YES_AGGRESSIVE;
				GCC_WARN_UNUSED_FUNCTION = YES;
				GCC_WARN_UNUSED_VARIABLE = YES;
				IPHONEOS_DEPLOYMENT_TARGET = 14.5;
				MTL_ENABLE_DEBUG_INFO = INCLUDE_SOURCE;
				MTL_FAST_MATH = YES;
				ONLY_ACTIVE_ARCH = YES;
				SDKROOT = iphoneos;
				SWIFT_ACTIVE_COMPILATION_CONDITIONS = DEBUG;
				SWIFT_OPTIMIZATION_LEVEL = "-Onone";
			};
			name = Debug;
		};
		6CD7BA4D26FCDEE800C89BB4 /* Release */ = {
			isa = XCBuildConfiguration;
			buildSettings = {
				ALWAYS_SEARCH_USER_PATHS = NO;
				CLANG_ANALYZER_NONNULL = YES;
				CLANG_ANALYZER_NUMBER_OBJECT_CONVERSION = YES_AGGRESSIVE;
				CLANG_CXX_LANGUAGE_STANDARD = "gnu++14";
				CLANG_CXX_LIBRARY = "libc++";
				CLANG_ENABLE_MODULES = YES;
				CLANG_ENABLE_OBJC_ARC = YES;
				CLANG_ENABLE_OBJC_WEAK = YES;
				CLANG_WARN_BLOCK_CAPTURE_AUTORELEASING = YES;
				CLANG_WARN_BOOL_CONVERSION = YES;
				CLANG_WARN_COMMA = YES;
				CLANG_WARN_CONSTANT_CONVERSION = YES;
				CLANG_WARN_DEPRECATED_OBJC_IMPLEMENTATIONS = YES;
				CLANG_WARN_DIRECT_OBJC_ISA_USAGE = YES_ERROR;
				CLANG_WARN_DOCUMENTATION_COMMENTS = YES;
				CLANG_WARN_EMPTY_BODY = YES;
				CLANG_WARN_ENUM_CONVERSION = YES;
				CLANG_WARN_INFINITE_RECURSION = YES;
				CLANG_WARN_INT_CONVERSION = YES;
				CLANG_WARN_NON_LITERAL_NULL_CONVERSION = YES;
				CLANG_WARN_OBJC_IMPLICIT_RETAIN_SELF = YES;
				CLANG_WARN_OBJC_LITERAL_CONVERSION = YES;
				CLANG_WARN_OBJC_ROOT_CLASS = YES_ERROR;
				CLANG_WARN_QUOTED_INCLUDE_IN_FRAMEWORK_HEADER = YES;
				CLANG_WARN_RANGE_LOOP_ANALYSIS = YES;
				CLANG_WARN_STRICT_PROTOTYPES = YES;
				CLANG_WARN_SUSPICIOUS_MOVE = YES;
				CLANG_WARN_UNGUARDED_AVAILABILITY = YES_AGGRESSIVE;
				CLANG_WARN_UNREACHABLE_CODE = YES;
				CLANG_WARN__DUPLICATE_METHOD_MATCH = YES;
				COPY_PHASE_STRIP = NO;
				DEBUG_INFORMATION_FORMAT = "dwarf-with-dsym";
				ENABLE_NS_ASSERTIONS = NO;
				ENABLE_STRICT_OBJC_MSGSEND = YES;
				GCC_C_LANGUAGE_STANDARD = gnu11;
				GCC_NO_COMMON_BLOCKS = YES;
				GCC_WARN_64_TO_32_BIT_CONVERSION = YES;
				GCC_WARN_ABOUT_RETURN_TYPE = YES_ERROR;
				GCC_WARN_UNDECLARED_SELECTOR = YES;
				GCC_WARN_UNINITIALIZED_AUTOS = YES_AGGRESSIVE;
				GCC_WARN_UNUSED_FUNCTION = YES;
				GCC_WARN_UNUSED_VARIABLE = YES;
				IPHONEOS_DEPLOYMENT_TARGET = 14.5;
				MTL_ENABLE_DEBUG_INFO = NO;
				MTL_FAST_MATH = YES;
				SDKROOT = iphoneos;
				SWIFT_COMPILATION_MODE = wholemodule;
				SWIFT_OPTIMIZATION_LEVEL = "-O";
				VALIDATE_PRODUCT = YES;
			};
			name = Release;
		};
		6CD7BA4F26FCDEE800C89BB4 /* Debug */ = {
			isa = XCBuildConfiguration;
			buildSettings = {
				ASSETCATALOG_COMPILER_APPICON_NAME = AppIcon;
				ASSETCATALOG_COMPILER_GLOBAL_ACCENT_COLOR_NAME = AccentColor;
				CODE_SIGN_STYLE = Automatic;
				DEVELOPMENT_ASSET_PATHS = "\"SwiftUITabbars/Preview Content\"";
				DEVELOPMENT_TEAM = SJM6GRJ299;
				ENABLE_PREVIEWS = YES;
				INFOPLIST_FILE = SwiftUITabbars/Info.plist;
				LD_RUNPATH_SEARCH_PATHS = (
					"$(inherited)",
					"@executable_path/Frameworks",
				);
				PRODUCT_BUNDLE_IDENTIFIER = cn.jovins.SwiftUITabbars;
				PRODUCT_NAME = "$(TARGET_NAME)";
				SWIFT_VERSION = 5.0;
				TARGETED_DEVICE_FAMILY = "1,2";
			};
			name = Debug;
		};
		6CD7BA5026FCDEE800C89BB4 /* Release */ = {
			isa = XCBuildConfiguration;
			buildSettings = {
				ASSETCATALOG_COMPILER_APPICON_NAME = AppIcon;
				ASSETCATALOG_COMPILER_GLOBAL_ACCENT_COLOR_NAME = AccentColor;
				CODE_SIGN_STYLE = Automatic;
				DEVELOPMENT_ASSET_PATHS = "\"SwiftUITabbars/Preview Content\"";
				DEVELOPMENT_TEAM = SJM6GRJ299;
				ENABLE_PREVIEWS = YES;
				INFOPLIST_FILE = SwiftUITabbars/Info.plist;
				LD_RUNPATH_SEARCH_PATHS = (
					"$(inherited)",
					"@executable_path/Frameworks",
				);
				PRODUCT_BUNDLE_IDENTIFIER = cn.jovins.SwiftUITabbars;
				PRODUCT_NAME = "$(TARGET_NAME)";
				SWIFT_VERSION = 5.0;
				TARGETED_DEVICE_FAMILY = "1,2";
			};
			name = Release;
		};
/* End XCBuildConfiguration section */

/* Begin XCConfigurationList section */
		6C8EA3B026FCE97400E81C9E /* Build configuration list for PBXNativeTarget "TabbarCurve" */ = {
			isa = XCConfigurationList;
			buildConfigurations = (
				6C8EA3B126FCE97400E81C9E /* Debug */,
				6C8EA3B226FCE97400E81C9E /* Release */,
			);
			defaultConfigurationIsVisible = 0;
			defaultConfigurationName = Release;
		};
		6C8EA3C726FCEB3D00E81C9E /* Build configuration list for PBXNativeTarget "CustomTabbar" */ = {
			isa = XCConfigurationList;
			buildConfigurations = (
				6C8EA3C826FCEB3D00E81C9E /* Debug */,
				6C8EA3C926FCEB3D00E81C9E /* Release */,
			);
			defaultConfigurationIsVisible = 0;
			defaultConfigurationName = Release;
		};
		6C8EA3EA26FCEEEC00E81C9E /* Build configuration list for PBXNativeTarget "FloatingTabbar" */ = {
			isa = XCConfigurationList;
			buildConfigurations = (
				6C8EA3EB26FCEEEC00E81C9E /* Debug */,
				6C8EA3EC26FCEEEC00E81C9E /* Release */,
			);
			defaultConfigurationIsVisible = 0;
			defaultConfigurationName = Release;
		};
		6C8EA40126FCF09600E81C9E /* Build configuration list for PBXNativeTarget "SquareTabbar" */ = {
			isa = XCConfigurationList;
			buildConfigurations = (
				6C8EA40226FCF09600E81C9E /* Debug */,
				6C8EA40326FCF09600E81C9E /* Release */,
			);
			defaultConfigurationIsVisible = 0;
			defaultConfigurationName = Release;
		};
		6C8EA41826FCF6CE00E81C9E /* Build configuration list for PBXNativeTarget "AnyTabbar" */ = {
			isa = XCConfigurationList;
			buildConfigurations = (
				6C8EA41926FCF6CE00E81C9E /* Debug */,
				6C8EA41A26FCF6CE00E81C9E /* Release */,
			);
			defaultConfigurationIsVisible = 0;
			defaultConfigurationName = Release;
		};
		6C8EA43426FCF8E400E81C9E /* Build configuration list for PBXNativeTarget "AninateTabbar" */ = {
			isa = XCConfigurationList;
			buildConfigurations = (
				6C8EA43526FCF8E400E81C9E /* Debug */,
				6C8EA43626FCF8E400E81C9E /* Release */,
			);
			defaultConfigurationIsVisible = 0;
			defaultConfigurationName = Release;
		};
		6C8EA44B26FCF9B400E81C9E /* Build configuration list for PBXNativeTarget "AnimatedTabbar" */ = {
			isa = XCConfigurationList;
			buildConfigurations = (
				6C8EA44C26FCF9B400E81C9E /* Debug */,
				6C8EA44D26FCF9B400E81C9E /* Release */,
			);
			defaultConfigurationIsVisible = 0;
			defaultConfigurationName = Release;
		};
		6CD7BA3526FCDEE700C89BB4 /* Build configuration list for PBXProject "SwiftUITabbars" */ = {
			isa = XCConfigurationList;
			buildConfigurations = (
				6CD7BA4C26FCDEE800C89BB4 /* Debug */,
				6CD7BA4D26FCDEE800C89BB4 /* Release */,
			);
			defaultConfigurationIsVisible = 0;
			defaultConfigurationName = Release;
		};
		6CD7BA4E26FCDEE800C89BB4 /* Build configuration list for PBXNativeTarget "SwiftUITabbars" */ = {
			isa = XCConfigurationList;
			buildConfigurations = (
				6CD7BA4F26FCDEE800C89BB4 /* Debug */,
				6CD7BA5026FCDEE800C89BB4 /* Release */,
			);
			defaultConfigurationIsVisible = 0;
			defaultConfigurationName = Release;
		};
/* End XCConfigurationList section */
	};
	rootObject = 6CD7BA3226FCDEE700C89BB4 /* Project object */;
}
